// !$*UTF8*$!
{
	archiveVersion = 1;
	classes = {
	};
	objectVersion = 56;
	objects = {

/* Begin PBXBuildFile section */
		10297DBA2C187C4F0077CB49 /* MudmouthView.swift in Sources */ = {isa = PBXBuildFile; fileRef = 10297DB92C187C4F0077CB49 /* MudmouthView.swift */; };
		10297DBC2C187C8E0077CB49 /* DescriptionView.swift in Sources */ = {isa = PBXBuildFile; fileRef = 10297DBB2C187C8D0077CB49 /* DescriptionView.swift */; };
		10297DBF2C187D370077CB49 /* BackgroundWave.swift in Sources */ = {isa = PBXBuildFile; fileRef = 10297DBE2C187D370077CB49 /* BackgroundWave.swift */; };
		10297DC12C1889220077CB49 /* FloatingButtonStyle.swift in Sources */ = {isa = PBXBuildFile; fileRef = 10297DC02C1889220077CB49 /* FloatingButtonStyle.swift */; };
		10297DC22C1890B00077CB49 /* RealmSwift in Embed Frameworks */ = {isa = PBXBuildFile; productRef = 108819EB2C12C9F40064676C /* RealmSwift */; settings = {ATTRIBUTES = (CodeSignOnCopy, ); }; };
		10297DCA2C1891540077CB49 /* NetworkExtension.framework in Frameworks */ = {isa = PBXBuildFile; fileRef = 10297DC92C1891540077CB49 /* NetworkExtension.framework */; };
		10297DCD2C1891540077CB49 /* PacketTunnelProvider.swift in Sources */ = {isa = PBXBuildFile; fileRef = 10297DCC2C1891540077CB49 /* PacketTunnelProvider.swift */; };
		10297DD22C1891540077CB49 /* PacketTunnel.appex in Embed Foundation Extensions */ = {isa = PBXBuildFile; fileRef = 10297DC82C1891540077CB49 /* PacketTunnel.appex */; settings = {ATTRIBUTES = (RemoveHeadersOnCopy, ); }; };
		103C502A2C0C70D3008085C8 /* PersistableEnum.swift in Sources */ = {isa = PBXBuildFile; fileRef = 103C50292C0C70D3008085C8 /* PersistableEnum.swift */; };
		103EAFEF2C4293A300EBB7E1 /* ScheduleDetailView.swift in Sources */ = {isa = PBXBuildFile; fileRef = 103EAFEE2C4293A300EBB7E1 /* ScheduleDetailView.swift */; };
		103EAFF22C42940900EBB7E1 /* ScheduleHeader.swift in Sources */ = {isa = PBXBuildFile; fileRef = 103EAFF12C42940900EBB7E1 /* ScheduleHeader.swift */; };
		103EAFF42C4294B200EBB7E1 /* ScheduleStatus.swift in Sources */ = {isa = PBXBuildFile; fileRef = 103EAFF32C4294B200EBB7E1 /* ScheduleStatus.swift */; };
		103EAFF62C4294D900EBB7E1 /* ScheduleWaveView.swift in Sources */ = {isa = PBXBuildFile; fileRef = 103EAFF52C4294D900EBB7E1 /* ScheduleWaveView.swift */; };
		103EAFF82C4294E100EBB7E1 /* ScheduleWave.swift in Sources */ = {isa = PBXBuildFile; fileRef = 103EAFF72C4294E100EBB7E1 /* ScheduleWave.swift */; };
		103EAFFA2C4294F100EBB7E1 /* ScheduleScale.swift in Sources */ = {isa = PBXBuildFile; fileRef = 103EAFF92C4294F100EBB7E1 /* ScheduleScale.swift */; };
		103EAFFC2C4294FA00EBB7E1 /* SchedulePointCard.swift in Sources */ = {isa = PBXBuildFile; fileRef = 103EAFFB2C4294FA00EBB7E1 /* SchedulePointCard.swift */; };
		103EAFFE2C4295A000EBB7E1 /* RealmCollection+Result.swift in Sources */ = {isa = PBXBuildFile; fileRef = 103EAFFD2C4295A000EBB7E1 /* RealmCollection+Result.swift */; };
		103EB0002C4295D500EBB7E1 /* List+Collection.swift in Sources */ = {isa = PBXBuildFile; fileRef = 103EAFFF2C4295D500EBB7E1 /* List+Collection.swift */; };
		103EB0032C42AF9300EBB7E1 /* SDWebImageSVGCoder in Frameworks */ = {isa = PBXBuildFile; productRef = 103EB0022C42AF9300EBB7E1 /* SDWebImageSVGCoder */; };
		103EB0062C42AFF700EBB7E1 /* SDWebImage in Frameworks */ = {isa = PBXBuildFile; productRef = 103EB0052C42AFF700EBB7E1 /* SDWebImage */; };
		103EB0082C42EDD800EBB7E1 /* RealmCollection+Player.swift in Sources */ = {isa = PBXBuildFile; fileRef = 103EB0072C42EDD800EBB7E1 /* RealmCollection+Player.swift */; };
		103EB00A2C42EE4300EBB7E1 /* RealmCollection.swift in Sources */ = {isa = PBXBuildFile; fileRef = 103EB0092C42EE4300EBB7E1 /* RealmCollection.swift */; };
		103EB00C2C42EEA100EBB7E1 /* Statics.swift in Sources */ = {isa = PBXBuildFile; fileRef = 103EB00B2C42EEA100EBB7E1 /* Statics.swift */; };
		103EB00E2C430B3200EBB7E1 /* GroupBox.swift in Sources */ = {isa = PBXBuildFile; fileRef = 103EB00D2C430B3200EBB7E1 /* GroupBox.swift */; };
		103EB0102C44463E00EBB7E1 /* WeaponListView.swift in Sources */ = {isa = PBXBuildFile; fileRef = 103EB00F2C44463E00EBB7E1 /* WeaponListView.swift */; };
		103EB0132C448E5C00EBB7E1 /* Review.swift in Sources */ = {isa = PBXBuildFile; fileRef = 103EB0122C448E5C00EBB7E1 /* Review.swift */; };
		103EB0152C448EB500EBB7E1 /* ButtonStyle.swift in Sources */ = {isa = PBXBuildFile; fileRef = 103EB0142C448EB500EBB7E1 /* ButtonStyle.swift */; };
		103EB0182C448EE100EBB7E1 /* SPCircle.swift in Sources */ = {isa = PBXBuildFile; fileRef = 103EB0172C448EE100EBB7E1 /* SPCircle.swift */; };
		103EB01A2C448F5800EBB7E1 /* License.swift in Sources */ = {isa = PBXBuildFile; fileRef = 103EB0192C448F5800EBB7E1 /* License.swift */; };
		103EB01C2C448FB800EBB7E1 /* History.swift in Sources */ = {isa = PBXBuildFile; fileRef = 103EB01B2C448FB800EBB7E1 /* History.swift */; };
		103EB01E2C4496AE00EBB7E1 /* Settings.swift in Sources */ = {isa = PBXBuildFile; fileRef = 103EB01D2C4496AE00EBB7E1 /* Settings.swift */; };
		103EB0202C44971700EBB7E1 /* SettingsView.swift in Sources */ = {isa = PBXBuildFile; fileRef = 103EB01F2C44971700EBB7E1 /* SettingsView.swift */; };
		103EB0222C44A85400EBB7E1 /* View.swift in Sources */ = {isa = PBXBuildFile; fileRef = 103EB0212C44A85400EBB7E1 /* View.swift */; };
		103EB0242C44A92100EBB7E1 /* UIApplication.swift in Sources */ = {isa = PBXBuildFile; fileRef = 103EB0232C44A92100EBB7E1 /* UIApplication.swift */; };
		103EB0262C44AEA100EBB7E1 /* UIDevice.swift in Sources */ = {isa = PBXBuildFile; fileRef = 103EB0252C44AEA100EBB7E1 /* UIDevice.swift */; };
		103EB0282C44BA6700EBB7E1 /* CoopWork.swift in Sources */ = {isa = PBXBuildFile; fileRef = 103EB0272C44BA6700EBB7E1 /* CoopWork.swift */; };
		103EB02A2C44BAFD00EBB7E1 /* CoopWorkView.swift in Sources */ = {isa = PBXBuildFile; fileRef = 103EB0292C44BAFD00EBB7E1 /* CoopWorkView.swift */; };
		103EB02C2C44BBF300EBB7E1 /* Stages.swift in Sources */ = {isa = PBXBuildFile; fileRef = 103EB02B2C44BBF300EBB7E1 /* Stages.swift */; };
		103EB02E2C44BC3C00EBB7E1 /* StageView.swift in Sources */ = {isa = PBXBuildFile; fileRef = 103EB02D2C44BC3C00EBB7E1 /* StageView.swift */; };
		103EB0302C452C9900EBB7E1 /* Management.swift in Sources */ = {isa = PBXBuildFile; fileRef = 103EB02F2C452C9900EBB7E1 /* Management.swift */; };
		103EB0322C452CD500EBB7E1 /* FilterPickView.swift in Sources */ = {isa = PBXBuildFile; fileRef = 103EB0312C452CD500EBB7E1 /* FilterPickView.swift */; };
		103EB0342C452E3900EBB7E1 /* Backup.swift in Sources */ = {isa = PBXBuildFile; fileRef = 103EB0332C452E3900EBB7E1 /* Backup.swift */; };
		103EB0362C452E6000EBB7E1 /* Restore.swift in Sources */ = {isa = PBXBuildFile; fileRef = 103EB0352C452E6000EBB7E1 /* Restore.swift */; };
		103EB0382C452EC200EBB7E1 /* RealmSigner.swift in Sources */ = {isa = PBXBuildFile; fileRef = 103EB0372C452EC200EBB7E1 /* RealmSigner.swift */; };
		103EB03A2C452F3800EBB7E1 /* SignedRealmCoopResult.swift in Sources */ = {isa = PBXBuildFile; fileRef = 103EB0392C452F3800EBB7E1 /* SignedRealmCoopResult.swift */; };
		103EB03C2C45317A00EBB7E1 /* UIViewController.swift in Sources */ = {isa = PBXBuildFile; fileRef = 103EB03B2C45317A00EBB7E1 /* UIViewController.swift */; };
		103EB03E2C455D5300EBB7E1 /* Battle.swift in Sources */ = {isa = PBXBuildFile; fileRef = 103EB03D2C455D5300EBB7E1 /* Battle.swift */; };
		103EB0402C4560A800EBB7E1 /* WavesView.swift in Sources */ = {isa = PBXBuildFile; fileRef = 103EB03F2C4560A800EBB7E1 /* WavesView.swift */; };
		103EB0432C4560D400EBB7E1 /* WaveView.swift in Sources */ = {isa = PBXBuildFile; fileRef = 103EB0422C4560D400EBB7E1 /* WaveView.swift */; };
		10491B4E2C18F6E30077BDFA /* Mudmouth in Frameworks */ = {isa = PBXBuildFile; productRef = 10491B4D2C18F6E30077BDFA /* Mudmouth */; };
		10491B522C18F6F40077BDFA /* Raccoon in Frameworks */ = {isa = PBXBuildFile; productRef = 10491B512C18F6F40077BDFA /* Raccoon */; };
		105073FA2C45E30C00CCF4A2 /* DisplayMode.swift in Sources */ = {isa = PBXBuildFile; fileRef = 105073F92C45E30C00CCF4A2 /* DisplayMode.swift */; };
		105B60462C19B6090038DFB5 /* ThunderConfig.swift in Sources */ = {isa = PBXBuildFile; fileRef = 105B60452C19B6090038DFB5 /* ThunderConfig.swift */; };
		105B60482C1AAE340038DFB5 /* Firebolt in Frameworks */ = {isa = PBXBuildFile; productRef = 105B60472C1AAE340038DFB5 /* Firebolt */; };
		105B604A2C1B565D0038DFB5 /* RealmManager.swift in Sources */ = {isa = PBXBuildFile; fileRef = 105B60492C1B565D0038DFB5 /* RealmManager.swift */; };
		105B604C2C1B79190038DFB5 /* Realm+.swift in Sources */ = {isa = PBXBuildFile; fileRef = 105B604B2C1B79190038DFB5 /* Realm+.swift */; };
		105B604E2C1B79DE0038DFB5 /* ScheduleView.swift in Sources */ = {isa = PBXBuildFile; fileRef = 105B604D2C1B79DE0038DFB5 /* ScheduleView.swift */; };
		105B60502C1B7A800038DFB5 /* NavigationLinker.swift in Sources */ = {isa = PBXBuildFile; fileRef = 105B604F2C1B7A800038DFB5 /* NavigationLinker.swift */; };
		105B60522C1B7AA30038DFB5 /* RealmPreview.swift in Sources */ = {isa = PBXBuildFile; fileRef = 105B60512C1B7AA30038DFB5 /* RealmPreview.swift */; };
		105B60542C1B7EF70038DFB5 /* WebImage.swift in Sources */ = {isa = PBXBuildFile; fileRef = 105B60532C1B7EF70038DFB5 /* WebImage.swift */; };
		105B60572C1B7F0F0038DFB5 /* SDWebImageSwiftUI in Frameworks */ = {isa = PBXBuildFile; productRef = 105B60562C1B7F0F0038DFB5 /* SDWebImageSwiftUI */; };
		105B60592C1C7D030038DFB5 /* RealmCoopSchedule+.swift in Sources */ = {isa = PBXBuildFile; fileRef = 105B60582C1C7D030038DFB5 /* RealmCoopSchedule+.swift */; };
		105B605C2C1CA7BB0038DFB5 /* RealmSwift+List.swift in Sources */ = {isa = PBXBuildFile; fileRef = 105B605B2C1CA7BB0038DFB5 /* RealmSwift+List.swift */; };
		105B605E2C1CBC9A0038DFB5 /* ResultView.swift in Sources */ = {isa = PBXBuildFile; fileRef = 105B605D2C1CBC9A0038DFB5 /* ResultView.swift */; };
		105B60632C1CC2620038DFB5 /* results.json in Resources */ = {isa = PBXBuildFile; fileRef = 105B60602C1CC2620038DFB5 /* results.json */; };
		105B60642C1CC2620038DFB5 /* records.json in Resources */ = {isa = PBXBuildFile; fileRef = 105B60612C1CC2620038DFB5 /* records.json */; };
		105B60652C1CC2620038DFB5 /* schedules.json in Resources */ = {isa = PBXBuildFile; fileRef = 105B60622C1CC2620038DFB5 /* schedules.json */; };
		105B60672C1CC2940038DFB5 /* weapons.json in Resources */ = {isa = PBXBuildFile; fileRef = 105B60662C1CC2940038DFB5 /* weapons.json */; };
		1070F5DA2C0C636E00654AAF /* RealmMigration.swift in Sources */ = {isa = PBXBuildFile; fileRef = 1070F5D92C0C636E00654AAF /* RealmMigration.swift */; };
		1070F5E62C0C67D400654AAF /* SplitNavigationViewStyle.swift in Sources */ = {isa = PBXBuildFile; fileRef = 1070F5E52C0C67D400654AAF /* SplitNavigationViewStyle.swift */; };
		1070F5EB2C0C67FB00654AAF /* MyPageView.swift in Sources */ = {isa = PBXBuildFile; fileRef = 1070F5EA2C0C67FB00654AAF /* MyPageView.swift */; };
		1070F5ED2C0C680500654AAF /* ResultsView.swift in Sources */ = {isa = PBXBuildFile; fileRef = 1070F5EC2C0C680500654AAF /* ResultsView.swift */; };
		1070F5EF2C0C680D00654AAF /* SchedulesView.swift in Sources */ = {isa = PBXBuildFile; fileRef = 1070F5EE2C0C680D00654AAF /* SchedulesView.swift */; };
		1070F5F02C0C692100654AAF /* AppInfo.plist in Resources */ = {isa = PBXBuildFile; fileRef = 1070F5DD2C0C65C800654AAF /* AppInfo.plist */; };
		1070F5FA2C0C6AFD00654AAF /* RealmCoopRecord.swift in Sources */ = {isa = PBXBuildFile; fileRef = 1070F5F42C0C6AFC00654AAF /* RealmCoopRecord.swift */; };
		1070F5FB2C0C6AFD00654AAF /* RealmCoopResult.swift in Sources */ = {isa = PBXBuildFile; fileRef = 1070F5F52C0C6AFC00654AAF /* RealmCoopResult.swift */; };
		1070F5FC2C0C6AFD00654AAF /* RealmCoopSchedule.swift in Sources */ = {isa = PBXBuildFile; fileRef = 1070F5F62C0C6AFC00654AAF /* RealmCoopSchedule.swift */; };
		1070F5FD2C0C6AFD00654AAF /* RealmCoopWave.swift in Sources */ = {isa = PBXBuildFile; fileRef = 1070F5F72C0C6AFC00654AAF /* RealmCoopWave.swift */; };
		1070F5FE2C0C6AFD00654AAF /* RealmCoopPlayer.swift in Sources */ = {isa = PBXBuildFile; fileRef = 1070F5F82C0C6AFC00654AAF /* RealmCoopPlayer.swift */; };
		1070F5FF2C0C6AFD00654AAF /* RealmCoopEnemy.swift in Sources */ = {isa = PBXBuildFile; fileRef = 1070F5F92C0C6AFD00654AAF /* RealmCoopEnemy.swift */; };
		107F63F12C1F87B900DF6328 /* FormatStyle.swift in Sources */ = {isa = PBXBuildFile; fileRef = 107F63F02C1F87B900DF6328 /* FormatStyle.swift */; };
		108819EC2C12C9F40064676C /* RealmSwift in Frameworks */ = {isa = PBXBuildFile; productRef = 108819EB2C12C9F40064676C /* RealmSwift */; };
		108819EF2C12CA000064676C /* ZIPFoundation in Frameworks */ = {isa = PBXBuildFile; productRef = 108819EE2C12CA000064676C /* ZIPFoundation */; };
		108819F22C12CA0C0064676C /* LicenseList in Frameworks */ = {isa = PBXBuildFile; productRef = 108819F12C12CA0C0064676C /* LicenseList */; };
		108F48EF2C1CC75F00A6FD11 /* ResultDetailView.swift in Sources */ = {isa = PBXBuildFile; fileRef = 108F48EE2C1CC75F00A6FD11 /* ResultDetailView.swift */; };
		108F48F12C1CC81600A6FD11 /* Ikura.swift in Sources */ = {isa = PBXBuildFile; fileRef = 108F48F02C1CC81600A6FD11 /* Ikura.swift */; };
		108F48F32C1CEEF100A6FD11 /* Text.swift in Sources */ = {isa = PBXBuildFile; fileRef = 108F48F22C1CEEF100A6FD11 /* Text.swift */; };
		108F48F62C1CFE4100A6FD11 /* ResultHeader.swift in Sources */ = {isa = PBXBuildFile; fileRef = 108F48F52C1CFE4100A6FD11 /* ResultHeader.swift */; };
		108F48F82C1CFF4700A6FD11 /* ResultHeaderWeapon.swift in Sources */ = {isa = PBXBuildFile; fileRef = 108F48F72C1CFF4700A6FD11 /* ResultHeaderWeapon.swift */; };
		108F48FA2C1D041000A6FD11 /* ResultStatus.swift in Sources */ = {isa = PBXBuildFile; fileRef = 108F48F92C1D041000A6FD11 /* ResultStatus.swift */; };
		108F48FC2C1D0FD600A6FD11 /* ResultJob.swift in Sources */ = {isa = PBXBuildFile; fileRef = 108F48FB2C1D0FD600A6FD11 /* ResultJob.swift */; };
		108F48FE2C1D185200A6FD11 /* ResultWave.swift in Sources */ = {isa = PBXBuildFile; fileRef = 108F48FD2C1D185200A6FD11 /* ResultWave.swift */; };
		108F49002C1D871900A6FD11 /* ResultPlayer.swift in Sources */ = {isa = PBXBuildFile; fileRef = 108F48FF2C1D871900A6FD11 /* ResultPlayer.swift */; };
		108F49022C1D8C6A00A6FD11 /* ResultDefeated.swift in Sources */ = {isa = PBXBuildFile; fileRef = 108F49012C1D8C6A00A6FD11 /* ResultDefeated.swift */; };
		108F490A2C1DEE8B00A6FD11 /* RemoveAll.swift in Sources */ = {isa = PBXBuildFile; fileRef = 108F49092C1DEE8B00A6FD11 /* RemoveAll.swift */; };
		108F490C2C1DEF1F00A6FD11 /* SignIn.swift in Sources */ = {isa = PBXBuildFile; fileRef = 108F490B2C1DEF1F00A6FD11 /* SignIn.swift */; };
		108F490E2C1E116800A6FD11 /* Encodable.swift in Sources */ = {isa = PBXBuildFile; fileRef = 108F490D2C1E116800A6FD11 /* Encodable.swift */; };
		108F49102C1F15C100A6FD11 /* EnvironmentKey.swift in Sources */ = {isa = PBXBuildFile; fileRef = 108F490F2C1F15C100A6FD11 /* EnvironmentKey.swift */; };
		108F49122C1F294700A6FD11 /* CarouselView.swift in Sources */ = {isa = PBXBuildFile; fileRef = 108F49112C1F294700A6FD11 /* CarouselView.swift */; };
		109F9ABE2C0C5DCD00DD0281 /* mainApp.swift in Sources */ = {isa = PBXBuildFile; fileRef = 109F9ABD2C0C5DCD00DD0281 /* mainApp.swift */; };
		109F9AC02C0C5DCD00DD0281 /* ContentView.swift in Sources */ = {isa = PBXBuildFile; fileRef = 109F9ABF2C0C5DCD00DD0281 /* ContentView.swift */; };
		109F9AC22C0C5DCE00DD0281 /* Assets.xcassets in Resources */ = {isa = PBXBuildFile; fileRef = 109F9AC12C0C5DCE00DD0281 /* Assets.xcassets */; };
		109F9AC52C0C5DCE00DD0281 /* Preview Assets.xcassets in Resources */ = {isa = PBXBuildFile; fileRef = 109F9AC42C0C5DCE00DD0281 /* Preview Assets.xcassets */; };
		109F9ACF2C0C5DCE00DD0281 /* ThunderAppTests.swift in Sources */ = {isa = PBXBuildFile; fileRef = 109F9ACE2C0C5DCE00DD0281 /* ThunderAppTests.swift */; };
		109F9AD92C0C5DCE00DD0281 /* ThunderAppUITests.swift in Sources */ = {isa = PBXBuildFile; fileRef = 109F9AD82C0C5DCE00DD0281 /* ThunderAppUITests.swift */; };
		109F9ADB2C0C5DCE00DD0281 /* ThunderAppUITestsLaunchTests.swift in Sources */ = {isa = PBXBuildFile; fileRef = 109F9ADA2C0C5DCE00DD0281 /* ThunderAppUITestsLaunchTests.swift */; };
		10A1949E2C16EBF400025EE6 /* SwiftyLogger in Frameworks */ = {isa = PBXBuildFile; productRef = 10A1949D2C16EBF400025EE6 /* SwiftyLogger */; };
/* End PBXBuildFile section */

/* Begin PBXContainerItemProxy section */
		10297DD02C1891540077CB49 /* PBXContainerItemProxy */ = {
			isa = PBXContainerItemProxy;
			containerPortal = 109F9AB22C0C5DCD00DD0281 /* Project object */;
			proxyType = 1;
			remoteGlobalIDString = 10297DC72C1891540077CB49;
			remoteInfo = PacketTunnel;
		};
		109F9ACB2C0C5DCE00DD0281 /* PBXContainerItemProxy */ = {
			isa = PBXContainerItemProxy;
			containerPortal = 109F9AB22C0C5DCD00DD0281 /* Project object */;
			proxyType = 1;
			remoteGlobalIDString = 109F9AB92C0C5DCD00DD0281;
			remoteInfo = ThunderApp;
		};
		109F9AD52C0C5DCE00DD0281 /* PBXContainerItemProxy */ = {
			isa = PBXContainerItemProxy;
			containerPortal = 109F9AB22C0C5DCD00DD0281 /* Project object */;
			proxyType = 1;
			remoteGlobalIDString = 109F9AB92C0C5DCD00DD0281;
			remoteInfo = ThunderApp;
		};
/* End PBXContainerItemProxy section */

/* Begin PBXCopyFilesBuildPhase section */
		10297DD62C1891540077CB49 /* Embed Foundation Extensions */ = {
			isa = PBXCopyFilesBuildPhase;
			buildActionMask = 2147483647;
			dstPath = "";
			dstSubfolderSpec = 13;
			files = (
				10297DD22C1891540077CB49 /* PacketTunnel.appex in Embed Foundation Extensions */,
			);
			name = "Embed Foundation Extensions";
			runOnlyForDeploymentPostprocessing = 0;
		};
		1070F5DC2C0C64F800654AAF /* Embed Frameworks */ = {
			isa = PBXCopyFilesBuildPhase;
			buildActionMask = 2147483647;
			dstPath = "";
			dstSubfolderSpec = 10;
			files = (
				10297DC22C1890B00077CB49 /* RealmSwift in Embed Frameworks */,
			);
			name = "Embed Frameworks";
			runOnlyForDeploymentPostprocessing = 0;
		};
/* End PBXCopyFilesBuildPhase section */

/* Begin PBXFileReference section */
		10297DB92C187C4F0077CB49 /* MudmouthView.swift */ = {isa = PBXFileReference; lastKnownFileType = sourcecode.swift; path = MudmouthView.swift; sourceTree = "<group>"; };
		10297DBB2C187C8D0077CB49 /* DescriptionView.swift */ = {isa = PBXFileReference; lastKnownFileType = sourcecode.swift; path = DescriptionView.swift; sourceTree = "<group>"; };
		10297DBE2C187D370077CB49 /* BackgroundWave.swift */ = {isa = PBXFileReference; lastKnownFileType = sourcecode.swift; path = BackgroundWave.swift; sourceTree = "<group>"; };
		10297DC02C1889220077CB49 /* FloatingButtonStyle.swift */ = {isa = PBXFileReference; lastKnownFileType = sourcecode.swift; path = FloatingButtonStyle.swift; sourceTree = "<group>"; };
		10297DC32C1891400077CB49 /* ThunderApp.entitlements */ = {isa = PBXFileReference; lastKnownFileType = text.plist.entitlements; path = ThunderApp.entitlements; sourceTree = "<group>"; };
		10297DC82C1891540077CB49 /* PacketTunnel.appex */ = {isa = PBXFileReference; explicitFileType = "wrapper.app-extension"; includeInIndex = 0; path = PacketTunnel.appex; sourceTree = BUILT_PRODUCTS_DIR; };
		10297DC92C1891540077CB49 /* NetworkExtension.framework */ = {isa = PBXFileReference; lastKnownFileType = wrapper.framework; name = NetworkExtension.framework; path = System/Library/Frameworks/NetworkExtension.framework; sourceTree = SDKROOT; };
		10297DCC2C1891540077CB49 /* PacketTunnelProvider.swift */ = {isa = PBXFileReference; lastKnownFileType = sourcecode.swift; path = PacketTunnelProvider.swift; sourceTree = "<group>"; };
		10297DCE2C1891540077CB49 /* Info.plist */ = {isa = PBXFileReference; lastKnownFileType = text.plist.xml; path = Info.plist; sourceTree = "<group>"; };
		10297DCF2C1891540077CB49 /* PacketTunnel.entitlements */ = {isa = PBXFileReference; lastKnownFileType = text.plist.entitlements; path = PacketTunnel.entitlements; sourceTree = "<group>"; };
		103C50292C0C70D3008085C8 /* PersistableEnum.swift */ = {isa = PBXFileReference; fileEncoding = 4; lastKnownFileType = sourcecode.swift; path = PersistableEnum.swift; sourceTree = "<group>"; };
		103EAFEE2C4293A300EBB7E1 /* ScheduleDetailView.swift */ = {isa = PBXFileReference; lastKnownFileType = sourcecode.swift; path = ScheduleDetailView.swift; sourceTree = "<group>"; };
		103EAFF12C42940900EBB7E1 /* ScheduleHeader.swift */ = {isa = PBXFileReference; lastKnownFileType = sourcecode.swift; path = ScheduleHeader.swift; sourceTree = "<group>"; };
		103EAFF32C4294B200EBB7E1 /* ScheduleStatus.swift */ = {isa = PBXFileReference; lastKnownFileType = sourcecode.swift; path = ScheduleStatus.swift; sourceTree = "<group>"; };
		103EAFF52C4294D900EBB7E1 /* ScheduleWaveView.swift */ = {isa = PBXFileReference; lastKnownFileType = sourcecode.swift; path = ScheduleWaveView.swift; sourceTree = "<group>"; };
		103EAFF72C4294E100EBB7E1 /* ScheduleWave.swift */ = {isa = PBXFileReference; lastKnownFileType = sourcecode.swift; path = ScheduleWave.swift; sourceTree = "<group>"; };
		103EAFF92C4294F100EBB7E1 /* ScheduleScale.swift */ = {isa = PBXFileReference; lastKnownFileType = sourcecode.swift; path = ScheduleScale.swift; sourceTree = "<group>"; };
		103EAFFB2C4294FA00EBB7E1 /* SchedulePointCard.swift */ = {isa = PBXFileReference; lastKnownFileType = sourcecode.swift; path = SchedulePointCard.swift; sourceTree = "<group>"; };
		103EAFFD2C4295A000EBB7E1 /* RealmCollection+Result.swift */ = {isa = PBXFileReference; lastKnownFileType = sourcecode.swift; path = "RealmCollection+Result.swift"; sourceTree = "<group>"; };
		103EAFFF2C4295D500EBB7E1 /* List+Collection.swift */ = {isa = PBXFileReference; lastKnownFileType = sourcecode.swift; path = "List+Collection.swift"; sourceTree = "<group>"; };
		103EB0072C42EDD800EBB7E1 /* RealmCollection+Player.swift */ = {isa = PBXFileReference; lastKnownFileType = sourcecode.swift; path = "RealmCollection+Player.swift"; sourceTree = "<group>"; };
		103EB0092C42EE4300EBB7E1 /* RealmCollection.swift */ = {isa = PBXFileReference; lastKnownFileType = sourcecode.swift; path = RealmCollection.swift; sourceTree = "<group>"; };
		103EB00B2C42EEA100EBB7E1 /* Statics.swift */ = {isa = PBXFileReference; lastKnownFileType = sourcecode.swift; path = Statics.swift; sourceTree = "<group>"; };
		103EB00D2C430B3200EBB7E1 /* GroupBox.swift */ = {isa = PBXFileReference; lastKnownFileType = sourcecode.swift; path = GroupBox.swift; sourceTree = "<group>"; };
		103EB00F2C44463E00EBB7E1 /* WeaponListView.swift */ = {isa = PBXFileReference; lastKnownFileType = sourcecode.swift; path = WeaponListView.swift; sourceTree = "<group>"; };
		103EB0122C448E5C00EBB7E1 /* Review.swift */ = {isa = PBXFileReference; lastKnownFileType = sourcecode.swift; path = Review.swift; sourceTree = "<group>"; };
		103EB0142C448EB500EBB7E1 /* ButtonStyle.swift */ = {isa = PBXFileReference; lastKnownFileType = sourcecode.swift; path = ButtonStyle.swift; sourceTree = "<group>"; };
		103EB0172C448EE100EBB7E1 /* SPCircle.swift */ = {isa = PBXFileReference; lastKnownFileType = sourcecode.swift; path = SPCircle.swift; sourceTree = "<group>"; };
		103EB0192C448F5800EBB7E1 /* License.swift */ = {isa = PBXFileReference; lastKnownFileType = sourcecode.swift; path = License.swift; sourceTree = "<group>"; };
		103EB01B2C448FB800EBB7E1 /* History.swift */ = {isa = PBXFileReference; lastKnownFileType = sourcecode.swift; path = History.swift; sourceTree = "<group>"; };
		103EB01D2C4496AE00EBB7E1 /* Settings.swift */ = {isa = PBXFileReference; lastKnownFileType = sourcecode.swift; path = Settings.swift; sourceTree = "<group>"; };
		103EB01F2C44971700EBB7E1 /* SettingsView.swift */ = {isa = PBXFileReference; lastKnownFileType = sourcecode.swift; path = SettingsView.swift; sourceTree = "<group>"; };
		103EB0212C44A85400EBB7E1 /* View.swift */ = {isa = PBXFileReference; lastKnownFileType = sourcecode.swift; path = View.swift; sourceTree = "<group>"; };
		103EB0232C44A92100EBB7E1 /* UIApplication.swift */ = {isa = PBXFileReference; lastKnownFileType = sourcecode.swift; path = UIApplication.swift; sourceTree = "<group>"; };
		103EB0252C44AEA100EBB7E1 /* UIDevice.swift */ = {isa = PBXFileReference; lastKnownFileType = sourcecode.swift; path = UIDevice.swift; sourceTree = "<group>"; };
		103EB0272C44BA6700EBB7E1 /* CoopWork.swift */ = {isa = PBXFileReference; lastKnownFileType = sourcecode.swift; path = CoopWork.swift; sourceTree = "<group>"; };
		103EB0292C44BAFD00EBB7E1 /* CoopWorkView.swift */ = {isa = PBXFileReference; lastKnownFileType = sourcecode.swift; path = CoopWorkView.swift; sourceTree = "<group>"; };
		103EB02B2C44BBF300EBB7E1 /* Stages.swift */ = {isa = PBXFileReference; lastKnownFileType = sourcecode.swift; path = Stages.swift; sourceTree = "<group>"; };
		103EB02D2C44BC3C00EBB7E1 /* StageView.swift */ = {isa = PBXFileReference; lastKnownFileType = sourcecode.swift; path = StageView.swift; sourceTree = "<group>"; };
		103EB02F2C452C9900EBB7E1 /* Management.swift */ = {isa = PBXFileReference; lastKnownFileType = sourcecode.swift; path = Management.swift; sourceTree = "<group>"; };
		103EB0312C452CD500EBB7E1 /* FilterPickView.swift */ = {isa = PBXFileReference; lastKnownFileType = sourcecode.swift; path = FilterPickView.swift; sourceTree = "<group>"; };
		103EB0332C452E3900EBB7E1 /* Backup.swift */ = {isa = PBXFileReference; lastKnownFileType = sourcecode.swift; path = Backup.swift; sourceTree = "<group>"; };
		103EB0352C452E6000EBB7E1 /* Restore.swift */ = {isa = PBXFileReference; lastKnownFileType = sourcecode.swift; path = Restore.swift; sourceTree = "<group>"; };
		103EB0372C452EC200EBB7E1 /* RealmSigner.swift */ = {isa = PBXFileReference; lastKnownFileType = sourcecode.swift; path = RealmSigner.swift; sourceTree = "<group>"; };
		103EB0392C452F3800EBB7E1 /* SignedRealmCoopResult.swift */ = {isa = PBXFileReference; lastKnownFileType = sourcecode.swift; path = SignedRealmCoopResult.swift; sourceTree = "<group>"; };
		103EB03B2C45317A00EBB7E1 /* UIViewController.swift */ = {isa = PBXFileReference; lastKnownFileType = sourcecode.swift; path = UIViewController.swift; sourceTree = "<group>"; };
		103EB03D2C455D5300EBB7E1 /* Battle.swift */ = {isa = PBXFileReference; lastKnownFileType = sourcecode.swift; path = Battle.swift; sourceTree = "<group>"; };
		103EB03F2C4560A800EBB7E1 /* WavesView.swift */ = {isa = PBXFileReference; lastKnownFileType = sourcecode.swift; path = WavesView.swift; sourceTree = "<group>"; };
		103EB0422C4560D400EBB7E1 /* WaveView.swift */ = {isa = PBXFileReference; lastKnownFileType = sourcecode.swift; path = WaveView.swift; sourceTree = "<group>"; };
		10491B4C2C18F6790077BDFA /* ThunderSDK */ = {isa = PBXFileReference; lastKnownFileType = wrapper; name = ThunderSDK; path = ../ThunderSDK; sourceTree = "<group>"; };
		105073F92C45E30C00CCF4A2 /* DisplayMode.swift */ = {isa = PBXFileReference; lastKnownFileType = sourcecode.swift; path = DisplayMode.swift; sourceTree = "<group>"; };
		105B60452C19B6090038DFB5 /* ThunderConfig.swift */ = {isa = PBXFileReference; lastKnownFileType = sourcecode.swift; path = ThunderConfig.swift; sourceTree = "<group>"; };
		105B60492C1B565D0038DFB5 /* RealmManager.swift */ = {isa = PBXFileReference; lastKnownFileType = sourcecode.swift; path = RealmManager.swift; sourceTree = "<group>"; };
		105B604B2C1B79190038DFB5 /* Realm+.swift */ = {isa = PBXFileReference; lastKnownFileType = sourcecode.swift; path = "Realm+.swift"; sourceTree = "<group>"; };
		105B604D2C1B79DE0038DFB5 /* ScheduleView.swift */ = {isa = PBXFileReference; lastKnownFileType = sourcecode.swift; path = ScheduleView.swift; sourceTree = "<group>"; };
		105B604F2C1B7A800038DFB5 /* NavigationLinker.swift */ = {isa = PBXFileReference; lastKnownFileType = sourcecode.swift; path = NavigationLinker.swift; sourceTree = "<group>"; };
		105B60512C1B7AA30038DFB5 /* RealmPreview.swift */ = {isa = PBXFileReference; lastKnownFileType = sourcecode.swift; path = RealmPreview.swift; sourceTree = "<group>"; };
		105B60532C1B7EF70038DFB5 /* WebImage.swift */ = {isa = PBXFileReference; lastKnownFileType = sourcecode.swift; path = WebImage.swift; sourceTree = "<group>"; };
		105B60582C1C7D030038DFB5 /* RealmCoopSchedule+.swift */ = {isa = PBXFileReference; lastKnownFileType = sourcecode.swift; path = "RealmCoopSchedule+.swift"; sourceTree = "<group>"; };
		105B605B2C1CA7BB0038DFB5 /* RealmSwift+List.swift */ = {isa = PBXFileReference; lastKnownFileType = sourcecode.swift; path = "RealmSwift+List.swift"; sourceTree = "<group>"; };
		105B605D2C1CBC9A0038DFB5 /* ResultView.swift */ = {isa = PBXFileReference; lastKnownFileType = sourcecode.swift; path = ResultView.swift; sourceTree = "<group>"; };
		105B60602C1CC2620038DFB5 /* results.json */ = {isa = PBXFileReference; fileEncoding = 4; lastKnownFileType = text.json; path = results.json; sourceTree = "<group>"; };
		105B60612C1CC2620038DFB5 /* records.json */ = {isa = PBXFileReference; fileEncoding = 4; lastKnownFileType = text.json; path = records.json; sourceTree = "<group>"; };
		105B60622C1CC2620038DFB5 /* schedules.json */ = {isa = PBXFileReference; fileEncoding = 4; lastKnownFileType = text.json; path = schedules.json; sourceTree = "<group>"; };
		105B60662C1CC2940038DFB5 /* weapons.json */ = {isa = PBXFileReference; fileEncoding = 4; lastKnownFileType = text.json; path = weapons.json; sourceTree = "<group>"; };
		1070F5D92C0C636E00654AAF /* RealmMigration.swift */ = {isa = PBXFileReference; lastKnownFileType = sourcecode.swift; path = RealmMigration.swift; sourceTree = "<group>"; };
		1070F5DD2C0C65C800654AAF /* AppInfo.plist */ = {isa = PBXFileReference; lastKnownFileType = text.plist.xml; path = AppInfo.plist; sourceTree = "<group>"; };
		1070F5E52C0C67D400654AAF /* SplitNavigationViewStyle.swift */ = {isa = PBXFileReference; fileEncoding = 4; lastKnownFileType = sourcecode.swift; path = SplitNavigationViewStyle.swift; sourceTree = "<group>"; };
		1070F5EA2C0C67FB00654AAF /* MyPageView.swift */ = {isa = PBXFileReference; lastKnownFileType = sourcecode.swift; path = MyPageView.swift; sourceTree = "<group>"; };
		1070F5EC2C0C680500654AAF /* ResultsView.swift */ = {isa = PBXFileReference; lastKnownFileType = sourcecode.swift; path = ResultsView.swift; sourceTree = "<group>"; };
		1070F5EE2C0C680D00654AAF /* SchedulesView.swift */ = {isa = PBXFileReference; lastKnownFileType = sourcecode.swift; path = SchedulesView.swift; sourceTree = "<group>"; };
		1070F5F42C0C6AFC00654AAF /* RealmCoopRecord.swift */ = {isa = PBXFileReference; fileEncoding = 4; lastKnownFileType = sourcecode.swift; path = RealmCoopRecord.swift; sourceTree = "<group>"; };
		1070F5F52C0C6AFC00654AAF /* RealmCoopResult.swift */ = {isa = PBXFileReference; fileEncoding = 4; lastKnownFileType = sourcecode.swift; path = RealmCoopResult.swift; sourceTree = "<group>"; };
		1070F5F62C0C6AFC00654AAF /* RealmCoopSchedule.swift */ = {isa = PBXFileReference; fileEncoding = 4; lastKnownFileType = sourcecode.swift; path = RealmCoopSchedule.swift; sourceTree = "<group>"; };
		1070F5F72C0C6AFC00654AAF /* RealmCoopWave.swift */ = {isa = PBXFileReference; fileEncoding = 4; lastKnownFileType = sourcecode.swift; path = RealmCoopWave.swift; sourceTree = "<group>"; };
		1070F5F82C0C6AFC00654AAF /* RealmCoopPlayer.swift */ = {isa = PBXFileReference; fileEncoding = 4; lastKnownFileType = sourcecode.swift; path = RealmCoopPlayer.swift; sourceTree = "<group>"; };
		1070F5F92C0C6AFD00654AAF /* RealmCoopEnemy.swift */ = {isa = PBXFileReference; fileEncoding = 4; lastKnownFileType = sourcecode.swift; path = RealmCoopEnemy.swift; sourceTree = "<group>"; };
		107F63F02C1F87B900DF6328 /* FormatStyle.swift */ = {isa = PBXFileReference; lastKnownFileType = sourcecode.swift; path = FormatStyle.swift; sourceTree = "<group>"; };
		108F48EE2C1CC75F00A6FD11 /* ResultDetailView.swift */ = {isa = PBXFileReference; lastKnownFileType = sourcecode.swift; path = ResultDetailView.swift; sourceTree = "<group>"; };
		108F48F02C1CC81600A6FD11 /* Ikura.swift */ = {isa = PBXFileReference; lastKnownFileType = sourcecode.swift; path = Ikura.swift; sourceTree = "<group>"; };
		108F48F22C1CEEF100A6FD11 /* Text.swift */ = {isa = PBXFileReference; lastKnownFileType = sourcecode.swift; path = Text.swift; sourceTree = "<group>"; };
		108F48F52C1CFE4100A6FD11 /* ResultHeader.swift */ = {isa = PBXFileReference; lastKnownFileType = sourcecode.swift; path = ResultHeader.swift; sourceTree = "<group>"; };
		108F48F72C1CFF4700A6FD11 /* ResultHeaderWeapon.swift */ = {isa = PBXFileReference; lastKnownFileType = sourcecode.swift; path = ResultHeaderWeapon.swift; sourceTree = "<group>"; };
		108F48F92C1D041000A6FD11 /* ResultStatus.swift */ = {isa = PBXFileReference; lastKnownFileType = sourcecode.swift; path = ResultStatus.swift; sourceTree = "<group>"; };
		108F48FB2C1D0FD600A6FD11 /* ResultJob.swift */ = {isa = PBXFileReference; lastKnownFileType = sourcecode.swift; path = ResultJob.swift; sourceTree = "<group>"; };
		108F48FD2C1D185200A6FD11 /* ResultWave.swift */ = {isa = PBXFileReference; lastKnownFileType = sourcecode.swift; path = ResultWave.swift; sourceTree = "<group>"; };
		108F48FF2C1D871900A6FD11 /* ResultPlayer.swift */ = {isa = PBXFileReference; lastKnownFileType = sourcecode.swift; path = ResultPlayer.swift; sourceTree = "<group>"; };
		108F49012C1D8C6A00A6FD11 /* ResultDefeated.swift */ = {isa = PBXFileReference; lastKnownFileType = sourcecode.swift; path = ResultDefeated.swift; sourceTree = "<group>"; };
		108F49092C1DEE8B00A6FD11 /* RemoveAll.swift */ = {isa = PBXFileReference; lastKnownFileType = sourcecode.swift; path = RemoveAll.swift; sourceTree = "<group>"; };
		108F490B2C1DEF1F00A6FD11 /* SignIn.swift */ = {isa = PBXFileReference; lastKnownFileType = sourcecode.swift; path = SignIn.swift; sourceTree = "<group>"; };
		108F490D2C1E116800A6FD11 /* Encodable.swift */ = {isa = PBXFileReference; lastKnownFileType = sourcecode.swift; path = Encodable.swift; sourceTree = "<group>"; };
		108F490F2C1F15C100A6FD11 /* EnvironmentKey.swift */ = {isa = PBXFileReference; lastKnownFileType = sourcecode.swift; path = EnvironmentKey.swift; sourceTree = "<group>"; };
		108F49112C1F294700A6FD11 /* CarouselView.swift */ = {isa = PBXFileReference; lastKnownFileType = sourcecode.swift; path = CarouselView.swift; sourceTree = "<group>"; };
		109F9ABA2C0C5DCD00DD0281 /* ThunderApp.app */ = {isa = PBXFileReference; explicitFileType = wrapper.application; includeInIndex = 0; path = ThunderApp.app; sourceTree = BUILT_PRODUCTS_DIR; };
		109F9ABD2C0C5DCD00DD0281 /* mainApp.swift */ = {isa = PBXFileReference; lastKnownFileType = sourcecode.swift; path = mainApp.swift; sourceTree = "<group>"; };
		109F9ABF2C0C5DCD00DD0281 /* ContentView.swift */ = {isa = PBXFileReference; lastKnownFileType = sourcecode.swift; path = ContentView.swift; sourceTree = "<group>"; };
		109F9AC12C0C5DCE00DD0281 /* Assets.xcassets */ = {isa = PBXFileReference; lastKnownFileType = folder.assetcatalog; path = Assets.xcassets; sourceTree = "<group>"; };
		109F9AC42C0C5DCE00DD0281 /* Preview Assets.xcassets */ = {isa = PBXFileReference; lastKnownFileType = folder.assetcatalog; path = "Preview Assets.xcassets"; sourceTree = "<group>"; };
		109F9ACA2C0C5DCE00DD0281 /* ThunderAppTests.xctest */ = {isa = PBXFileReference; explicitFileType = wrapper.cfbundle; includeInIndex = 0; path = ThunderAppTests.xctest; sourceTree = BUILT_PRODUCTS_DIR; };
		109F9ACE2C0C5DCE00DD0281 /* ThunderAppTests.swift */ = {isa = PBXFileReference; lastKnownFileType = sourcecode.swift; path = ThunderAppTests.swift; sourceTree = "<group>"; };
		109F9AD42C0C5DCE00DD0281 /* ThunderAppUITests.xctest */ = {isa = PBXFileReference; explicitFileType = wrapper.cfbundle; includeInIndex = 0; path = ThunderAppUITests.xctest; sourceTree = BUILT_PRODUCTS_DIR; };
		109F9AD82C0C5DCE00DD0281 /* ThunderAppUITests.swift */ = {isa = PBXFileReference; lastKnownFileType = sourcecode.swift; path = ThunderAppUITests.swift; sourceTree = "<group>"; };
		109F9ADA2C0C5DCE00DD0281 /* ThunderAppUITestsLaunchTests.swift */ = {isa = PBXFileReference; lastKnownFileType = sourcecode.swift; path = ThunderAppUITestsLaunchTests.swift; sourceTree = "<group>"; };
/* End PBXFileReference section */

/* Begin PBXFrameworksBuildPhase section */
		10297DC52C1891540077CB49 /* Frameworks */ = {
			isa = PBXFrameworksBuildPhase;
			buildActionMask = 2147483647;
			files = (
				10297DCA2C1891540077CB49 /* NetworkExtension.framework in Frameworks */,
				10491B4E2C18F6E30077BDFA /* Mudmouth in Frameworks */,
			);
			runOnlyForDeploymentPostprocessing = 0;
		};
		109F9AB72C0C5DCD00DD0281 /* Frameworks */ = {
			isa = PBXFrameworksBuildPhase;
			buildActionMask = 2147483647;
			files = (
				105B60572C1B7F0F0038DFB5 /* SDWebImageSwiftUI in Frameworks */,
				10491B522C18F6F40077BDFA /* Raccoon in Frameworks */,
				108819EC2C12C9F40064676C /* RealmSwift in Frameworks */,
				10A1949E2C16EBF400025EE6 /* SwiftyLogger in Frameworks */,
				108819F22C12CA0C0064676C /* LicenseList in Frameworks */,
				108819EF2C12CA000064676C /* ZIPFoundation in Frameworks */,
				103EB0062C42AFF700EBB7E1 /* SDWebImage in Frameworks */,
				105B60482C1AAE340038DFB5 /* Firebolt in Frameworks */,
				103EB0032C42AF9300EBB7E1 /* SDWebImageSVGCoder in Frameworks */,
			);
			runOnlyForDeploymentPostprocessing = 0;
		};
		109F9AC72C0C5DCE00DD0281 /* Frameworks */ = {
			isa = PBXFrameworksBuildPhase;
			buildActionMask = 2147483647;
			files = (
			);
			runOnlyForDeploymentPostprocessing = 0;
		};
		109F9AD12C0C5DCE00DD0281 /* Frameworks */ = {
			isa = PBXFrameworksBuildPhase;
			buildActionMask = 2147483647;
			files = (
			);
			runOnlyForDeploymentPostprocessing = 0;
		};
/* End PBXFrameworksBuildPhase section */

/* Begin PBXGroup section */
		10297DB82C187C1F0077CB49 /* Mudmouth */ = {
			isa = PBXGroup;
			children = (
				10297DB92C187C4F0077CB49 /* MudmouthView.swift */,
				10297DBB2C187C8D0077CB49 /* DescriptionView.swift */,
				10297DC02C1889220077CB49 /* FloatingButtonStyle.swift */,
			);
			path = Mudmouth;
			sourceTree = "<group>";
		};
		10297DBD2C187D280077CB49 /* Components */ = {
			isa = PBXGroup;
			children = (
				103EB0162C448ED800EBB7E1 /* Shape */,
				103EB0112C448E5300EBB7E1 /* Menus */,
				103EAFF02C4293FD00EBB7E1 /* Schedules */,
				108F49082C1DEE7E00A6FD11 /* MyPage */,
				108F48F42C1CFDE400A6FD11 /* Results */,
				10297DBE2C187D370077CB49 /* BackgroundWave.swift */,
				105B60532C1B7EF70038DFB5 /* WebImage.swift */,
				108F48F02C1CC81600A6FD11 /* Ikura.swift */,
			);
			path = Components;
			sourceTree = "<group>";
		};
		10297DCB2C1891540077CB49 /* PacketTunnel */ = {
			isa = PBXGroup;
			children = (
				10297DCC2C1891540077CB49 /* PacketTunnelProvider.swift */,
				10297DCE2C1891540077CB49 /* Info.plist */,
				10297DCF2C1891540077CB49 /* PacketTunnel.entitlements */,
			);
			path = PacketTunnel;
			sourceTree = "<group>";
		};
		103C50282C0C70C5008085C8 /* Persistable */ = {
			isa = PBXGroup;
			children = (
				103C50292C0C70D3008085C8 /* PersistableEnum.swift */,
			);
			path = Persistable;
			sourceTree = "<group>";
		};
		103EAFF02C4293FD00EBB7E1 /* Schedules */ = {
			isa = PBXGroup;
			children = (
				103EAFF12C42940900EBB7E1 /* ScheduleHeader.swift */,
				103EAFF32C4294B200EBB7E1 /* ScheduleStatus.swift */,
				103EAFF72C4294E100EBB7E1 /* ScheduleWave.swift */,
				103EAFF92C4294F100EBB7E1 /* ScheduleScale.swift */,
				103EAFFB2C4294FA00EBB7E1 /* SchedulePointCard.swift */,
			);
			path = Schedules;
			sourceTree = "<group>";
		};
		103EB0112C448E5300EBB7E1 /* Menus */ = {
			isa = PBXGroup;
			children = (
				103EB0122C448E5C00EBB7E1 /* Review.swift */,
				103EB0192C448F5800EBB7E1 /* License.swift */,
				103EB01B2C448FB800EBB7E1 /* History.swift */,
				103EB01D2C4496AE00EBB7E1 /* Settings.swift */,
				103EB0272C44BA6700EBB7E1 /* CoopWork.swift */,
				103EB02B2C44BBF300EBB7E1 /* Stages.swift */,
				103EB02F2C452C9900EBB7E1 /* Management.swift */,
				103EB0332C452E3900EBB7E1 /* Backup.swift */,
				103EB0352C452E6000EBB7E1 /* Restore.swift */,
				103EB03D2C455D5300EBB7E1 /* Battle.swift */,
			);
			path = Menus;
			sourceTree = "<group>";
		};
		103EB0162C448ED800EBB7E1 /* Shape */ = {
			isa = PBXGroup;
			children = (
				103EB0172C448EE100EBB7E1 /* SPCircle.swift */,
			);
			path = Shape;
			sourceTree = "<group>";
		};
		103EB0412C4560CA00EBB7E1 /* Waves */ = {
			isa = PBXGroup;
			children = (
				103EB03F2C4560A800EBB7E1 /* WavesView.swift */,
				103EB0422C4560D400EBB7E1 /* WaveView.swift */,
			);
			path = Waves;
			sourceTree = "<group>";
		};
		105B605A2C1CA7980038DFB5 /* Extensions */ = {
			isa = PBXGroup;
			children = (
				105B605B2C1CA7BB0038DFB5 /* RealmSwift+List.swift */,
				108F48F22C1CEEF100A6FD11 /* Text.swift */,
				107F63F02C1F87B900DF6328 /* FormatStyle.swift */,
				103EB00D2C430B3200EBB7E1 /* GroupBox.swift */,
				103EB0142C448EB500EBB7E1 /* ButtonStyle.swift */,
				103EB0212C44A85400EBB7E1 /* View.swift */,
				103EB0232C44A92100EBB7E1 /* UIApplication.swift */,
				103EB0252C44AEA100EBB7E1 /* UIDevice.swift */,
				103EB03B2C45317A00EBB7E1 /* UIViewController.swift */,
			);
			path = Extensions;
			sourceTree = "<group>";
		};
		105B605F2C1CC22C0038DFB5 /* JSON */ = {
			isa = PBXGroup;
			children = (
				105B60612C1CC2620038DFB5 /* records.json */,
				105B60662C1CC2940038DFB5 /* weapons.json */,
				105B60602C1CC2620038DFB5 /* results.json */,
				105B60622C1CC2620038DFB5 /* schedules.json */,
			);
			path = JSON;
			sourceTree = "<group>";
		};
		1070F5D22C0C62BF00654AAF /* Frameworks */ = {
			isa = PBXGroup;
			children = (
				10297DC92C1891540077CB49 /* NetworkExtension.framework */,
			);
			name = Frameworks;
			sourceTree = "<group>";
		};
		1070F5D82C0C635D00654AAF /* Utils */ = {
			isa = PBXGroup;
			children = (
				1070F5F12C0C6AE000654AAF /* Realm */,
				105B605F2C1CC22C0038DFB5 /* JSON */,
				103EB0372C452EC200EBB7E1 /* RealmSigner.swift */,
				1070F5D92C0C636E00654AAF /* RealmMigration.swift */,
				105B60492C1B565D0038DFB5 /* RealmManager.swift */,
				1070F5E52C0C67D400654AAF /* SplitNavigationViewStyle.swift */,
				105B60452C19B6090038DFB5 /* ThunderConfig.swift */,
				105B604F2C1B7A800038DFB5 /* NavigationLinker.swift */,
				108F490D2C1E116800A6FD11 /* Encodable.swift */,
				108F490F2C1F15C100A6FD11 /* EnvironmentKey.swift */,
				103EAFFF2C4295D500EBB7E1 /* List+Collection.swift */,
				103EB00B2C42EEA100EBB7E1 /* Statics.swift */,
				105073F92C45E30C00CCF4A2 /* DisplayMode.swift */,
			);
			path = Utils;
			sourceTree = "<group>";
		};
		1070F5E12C0C678300654AAF /* Views */ = {
			isa = PBXGroup;
			children = (
				103EB0412C4560CA00EBB7E1 /* Waves */,
				10297DB82C187C1F0077CB49 /* Mudmouth */,
				1070F5E92C0C67EF00654AAF /* Common */,
				1070F5E82C0C67E600654AAF /* Schedules */,
				1070F5E72C0C67DB00654AAF /* Results */,
				103EB01F2C44971700EBB7E1 /* SettingsView.swift */,
				103EB0292C44BAFD00EBB7E1 /* CoopWorkView.swift */,
				103EB02D2C44BC3C00EBB7E1 /* StageView.swift */,
				103EB0312C452CD500EBB7E1 /* FilterPickView.swift */,
			);
			path = Views;
			sourceTree = "<group>";
		};
		1070F5E72C0C67DB00654AAF /* Results */ = {
			isa = PBXGroup;
			children = (
				1070F5EC2C0C680500654AAF /* ResultsView.swift */,
				105B605D2C1CBC9A0038DFB5 /* ResultView.swift */,
				108F48EE2C1CC75F00A6FD11 /* ResultDetailView.swift */,
				108F49112C1F294700A6FD11 /* CarouselView.swift */,
			);
			path = Results;
			sourceTree = "<group>";
		};
		1070F5E82C0C67E600654AAF /* Schedules */ = {
			isa = PBXGroup;
			children = (
				1070F5EE2C0C680D00654AAF /* SchedulesView.swift */,
				105B604D2C1B79DE0038DFB5 /* ScheduleView.swift */,
				103EAFEE2C4293A300EBB7E1 /* ScheduleDetailView.swift */,
				103EAFF52C4294D900EBB7E1 /* ScheduleWaveView.swift */,
				103EB00F2C44463E00EBB7E1 /* WeaponListView.swift */,
			);
			path = Schedules;
			sourceTree = "<group>";
		};
		1070F5E92C0C67EF00654AAF /* Common */ = {
			isa = PBXGroup;
			children = (
				1070F5EA2C0C67FB00654AAF /* MyPageView.swift */,
			);
			path = Common;
			sourceTree = "<group>";
		};
		1070F5F12C0C6AE000654AAF /* Realm */ = {
			isa = PBXGroup;
			children = (
				103C50282C0C70C5008085C8 /* Persistable */,
				1070F5F92C0C6AFD00654AAF /* RealmCoopEnemy.swift */,
				1070F5F82C0C6AFC00654AAF /* RealmCoopPlayer.swift */,
				1070F5F42C0C6AFC00654AAF /* RealmCoopRecord.swift */,
				1070F5F52C0C6AFC00654AAF /* RealmCoopResult.swift */,
				1070F5F62C0C6AFC00654AAF /* RealmCoopSchedule.swift */,
				105B60582C1C7D030038DFB5 /* RealmCoopSchedule+.swift */,
				1070F5F72C0C6AFC00654AAF /* RealmCoopWave.swift */,
				105B604B2C1B79190038DFB5 /* Realm+.swift */,
				105B60512C1B7AA30038DFB5 /* RealmPreview.swift */,
				103EB0092C42EE4300EBB7E1 /* RealmCollection.swift */,
				103EAFFD2C4295A000EBB7E1 /* RealmCollection+Result.swift */,
				103EB0072C42EDD800EBB7E1 /* RealmCollection+Player.swift */,
				103EB0392C452F3800EBB7E1 /* SignedRealmCoopResult.swift */,
			);
			path = Realm;
			sourceTree = "<group>";
		};
		108F48F42C1CFDE400A6FD11 /* Results */ = {
			isa = PBXGroup;
			children = (
				108F48F92C1D041000A6FD11 /* ResultStatus.swift */,
				108F48F52C1CFE4100A6FD11 /* ResultHeader.swift */,
				108F48F72C1CFF4700A6FD11 /* ResultHeaderWeapon.swift */,
				108F48FB2C1D0FD600A6FD11 /* ResultJob.swift */,
				108F48FD2C1D185200A6FD11 /* ResultWave.swift */,
				108F48FF2C1D871900A6FD11 /* ResultPlayer.swift */,
				108F49012C1D8C6A00A6FD11 /* ResultDefeated.swift */,
			);
			path = Results;
			sourceTree = "<group>";
		};
		108F49082C1DEE7E00A6FD11 /* MyPage */ = {
			isa = PBXGroup;
			children = (
				108F49092C1DEE8B00A6FD11 /* RemoveAll.swift */,
				108F490B2C1DEF1F00A6FD11 /* SignIn.swift */,
			);
			path = MyPage;
			sourceTree = "<group>";
		};
		109F9AB12C0C5DCD00DD0281 = {
			isa = PBXGroup;
			children = (
				1070F5DD2C0C65C800654AAF /* AppInfo.plist */,
				10491B4C2C18F6790077BDFA /* ThunderSDK */,
				109F9ABC2C0C5DCD00DD0281 /* ThunderApp */,
				109F9ACD2C0C5DCE00DD0281 /* ThunderAppTests */,
				109F9AD72C0C5DCE00DD0281 /* ThunderAppUITests */,
				10297DCB2C1891540077CB49 /* PacketTunnel */,
				109F9ABB2C0C5DCD00DD0281 /* Products */,
				1070F5D22C0C62BF00654AAF /* Frameworks */,
			);
			sourceTree = "<group>";
		};
		109F9ABB2C0C5DCD00DD0281 /* Products */ = {
			isa = PBXGroup;
			children = (
				109F9ABA2C0C5DCD00DD0281 /* ThunderApp.app */,
				109F9ACA2C0C5DCE00DD0281 /* ThunderAppTests.xctest */,
				109F9AD42C0C5DCE00DD0281 /* ThunderAppUITests.xctest */,
				10297DC82C1891540077CB49 /* PacketTunnel.appex */,
			);
			name = Products;
			sourceTree = "<group>";
		};
		109F9ABC2C0C5DCD00DD0281 /* ThunderApp */ = {
			isa = PBXGroup;
			children = (
				10297DC32C1891400077CB49 /* ThunderApp.entitlements */,
				105B605A2C1CA7980038DFB5 /* Extensions */,
				10297DBD2C187D280077CB49 /* Components */,
				1070F5E12C0C678300654AAF /* Views */,
				1070F5D82C0C635D00654AAF /* Utils */,
				109F9ABD2C0C5DCD00DD0281 /* mainApp.swift */,
				109F9ABF2C0C5DCD00DD0281 /* ContentView.swift */,
				109F9AC12C0C5DCE00DD0281 /* Assets.xcassets */,
				109F9AC32C0C5DCE00DD0281 /* Preview Content */,
			);
			path = ThunderApp;
			sourceTree = "<group>";
		};
		109F9AC32C0C5DCE00DD0281 /* Preview Content */ = {
			isa = PBXGroup;
			children = (
				109F9AC42C0C5DCE00DD0281 /* Preview Assets.xcassets */,
			);
			path = "Preview Content";
			sourceTree = "<group>";
		};
		109F9ACD2C0C5DCE00DD0281 /* ThunderAppTests */ = {
			isa = PBXGroup;
			children = (
				109F9ACE2C0C5DCE00DD0281 /* ThunderAppTests.swift */,
			);
			path = ThunderAppTests;
			sourceTree = "<group>";
		};
		109F9AD72C0C5DCE00DD0281 /* ThunderAppUITests */ = {
			isa = PBXGroup;
			children = (
				109F9AD82C0C5DCE00DD0281 /* ThunderAppUITests.swift */,
				109F9ADA2C0C5DCE00DD0281 /* ThunderAppUITestsLaunchTests.swift */,
			);
			path = ThunderAppUITests;
			sourceTree = "<group>";
		};
/* End PBXGroup section */

/* Begin PBXNativeTarget section */
		10297DC72C1891540077CB49 /* PacketTunnel */ = {
			isa = PBXNativeTarget;
			buildConfigurationList = 10297DD32C1891540077CB49 /* Build configuration list for PBXNativeTarget "PacketTunnel" */;
			buildPhases = (
				10297DC42C1891540077CB49 /* Sources */,
				10297DC52C1891540077CB49 /* Frameworks */,
				10297DC62C1891540077CB49 /* Resources */,
			);
			buildRules = (
			);
			dependencies = (
			);
			name = PacketTunnel;
			packageProductDependencies = (
				10491B4D2C18F6E30077BDFA /* Mudmouth */,
			);
			productName = PacketTunnel;
			productReference = 10297DC82C1891540077CB49 /* PacketTunnel.appex */;
			productType = "com.apple.product-type.app-extension";
		};
		109F9AB92C0C5DCD00DD0281 /* ThunderApp */ = {
			isa = PBXNativeTarget;
			buildConfigurationList = 109F9ADE2C0C5DCE00DD0281 /* Build configuration list for PBXNativeTarget "ThunderApp" */;
			buildPhases = (
				109F9AB62C0C5DCD00DD0281 /* Sources */,
				109F9AB72C0C5DCD00DD0281 /* Frameworks */,
				109F9AB82C0C5DCD00DD0281 /* Resources */,
				1070F5DC2C0C64F800654AAF /* Embed Frameworks */,
				10297DD62C1891540077CB49 /* Embed Foundation Extensions */,
			);
			buildRules = (
			);
			dependencies = (
				10297DD12C1891540077CB49 /* PBXTargetDependency */,
			);
			name = ThunderApp;
			packageProductDependencies = (
				108819EB2C12C9F40064676C /* RealmSwift */,
				108819EE2C12CA000064676C /* ZIPFoundation */,
				108819F12C12CA0C0064676C /* LicenseList */,
				10A1949D2C16EBF400025EE6 /* SwiftyLogger */,
				10491B512C18F6F40077BDFA /* Raccoon */,
				105B60472C1AAE340038DFB5 /* Firebolt */,
				105B60562C1B7F0F0038DFB5 /* SDWebImageSwiftUI */,
				103EB0022C42AF9300EBB7E1 /* SDWebImageSVGCoder */,
				103EB0052C42AFF700EBB7E1 /* SDWebImage */,
			);
			productName = ThunderApp;
			productReference = 109F9ABA2C0C5DCD00DD0281 /* ThunderApp.app */;
			productType = "com.apple.product-type.application";
		};
		109F9AC92C0C5DCE00DD0281 /* ThunderAppTests */ = {
			isa = PBXNativeTarget;
			buildConfigurationList = 109F9AE12C0C5DCE00DD0281 /* Build configuration list for PBXNativeTarget "ThunderAppTests" */;
			buildPhases = (
				109F9AC62C0C5DCE00DD0281 /* Sources */,
				109F9AC72C0C5DCE00DD0281 /* Frameworks */,
				109F9AC82C0C5DCE00DD0281 /* Resources */,
			);
			buildRules = (
			);
			dependencies = (
				109F9ACC2C0C5DCE00DD0281 /* PBXTargetDependency */,
			);
			name = ThunderAppTests;
			productName = appTests;
			productReference = 109F9ACA2C0C5DCE00DD0281 /* ThunderAppTests.xctest */;
			productType = "com.apple.product-type.bundle.unit-test";
		};
		109F9AD32C0C5DCE00DD0281 /* ThunderAppUITests */ = {
			isa = PBXNativeTarget;
			buildConfigurationList = 109F9AE42C0C5DCE00DD0281 /* Build configuration list for PBXNativeTarget "ThunderAppUITests" */;
			buildPhases = (
				109F9AD02C0C5DCE00DD0281 /* Sources */,
				109F9AD12C0C5DCE00DD0281 /* Frameworks */,
				109F9AD22C0C5DCE00DD0281 /* Resources */,
			);
			buildRules = (
			);
			dependencies = (
				109F9AD62C0C5DCE00DD0281 /* PBXTargetDependency */,
			);
			name = ThunderAppUITests;
			productName = appUITests;
			productReference = 109F9AD42C0C5DCE00DD0281 /* ThunderAppUITests.xctest */;
			productType = "com.apple.product-type.bundle.ui-testing";
		};
/* End PBXNativeTarget section */

/* Begin PBXProject section */
		109F9AB22C0C5DCD00DD0281 /* Project object */ = {
			isa = PBXProject;
			attributes = {
				BuildIndependentTargetsInParallel = 1;
				LastSwiftUpdateCheck = 1530;
				LastUpgradeCheck = 1530;
				ORGANIZATIONNAME = Magi;
				TargetAttributes = {
					10297DC72C1891540077CB49 = {
						CreatedOnToolsVersion = 15.3;
					};
					109F9AB92C0C5DCD00DD0281 = {
						CreatedOnToolsVersion = 15.3;
					};
					109F9AC92C0C5DCE00DD0281 = {
						CreatedOnToolsVersion = 15.3;
						TestTargetID = 109F9AB92C0C5DCD00DD0281;
					};
					109F9AD32C0C5DCE00DD0281 = {
						CreatedOnToolsVersion = 15.3;
						TestTargetID = 109F9AB92C0C5DCD00DD0281;
					};
				};
			};
			buildConfigurationList = 109F9AB52C0C5DCD00DD0281 /* Build configuration list for PBXProject "ThunderApp" */;
			compatibilityVersion = "Xcode 14.0";
			developmentRegion = en;
			hasScannedForEncodings = 0;
			knownRegions = (
				en,
				Base,
			);
			mainGroup = 109F9AB12C0C5DCD00DD0281;
			packageReferences = (
				108819EA2C12C9F40064676C /* XCRemoteSwiftPackageReference "realm-swift" */,
				108819ED2C12CA000064676C /* XCRemoteSwiftPackageReference "ZIPFoundation" */,
				108819F02C12CA0C0064676C /* XCRemoteSwiftPackageReference "LicenseList" */,
				10A1949C2C16EBF400025EE6 /* XCRemoteSwiftPackageReference "SwiftyLogger" */,
				105B60552C1B7F0F0038DFB5 /* XCRemoteSwiftPackageReference "SDWebImageSwiftUI" */,
				103EB0012C42AF9300EBB7E1 /* XCRemoteSwiftPackageReference "SDWebImageSVGCoder" */,
				103EB0042C42AFF700EBB7E1 /* XCRemoteSwiftPackageReference "SDWebImage" */,
			);
			productRefGroup = 109F9ABB2C0C5DCD00DD0281 /* Products */;
			projectDirPath = "";
			projectRoot = "";
			targets = (
				109F9AB92C0C5DCD00DD0281 /* ThunderApp */,
				109F9AC92C0C5DCE00DD0281 /* ThunderAppTests */,
				109F9AD32C0C5DCE00DD0281 /* ThunderAppUITests */,
				10297DC72C1891540077CB49 /* PacketTunnel */,
			);
		};
/* End PBXProject section */

/* Begin PBXResourcesBuildPhase section */
		10297DC62C1891540077CB49 /* Resources */ = {
			isa = PBXResourcesBuildPhase;
			buildActionMask = 2147483647;
			files = (
			);
			runOnlyForDeploymentPostprocessing = 0;
		};
		109F9AB82C0C5DCD00DD0281 /* Resources */ = {
			isa = PBXResourcesBuildPhase;
			buildActionMask = 2147483647;
			files = (
				105B60652C1CC2620038DFB5 /* schedules.json in Resources */,
				105B60672C1CC2940038DFB5 /* weapons.json in Resources */,
				1070F5F02C0C692100654AAF /* AppInfo.plist in Resources */,
				109F9AC52C0C5DCE00DD0281 /* Preview Assets.xcassets in Resources */,
				105B60632C1CC2620038DFB5 /* results.json in Resources */,
				109F9AC22C0C5DCE00DD0281 /* Assets.xcassets in Resources */,
				105B60642C1CC2620038DFB5 /* records.json in Resources */,
			);
			runOnlyForDeploymentPostprocessing = 0;
		};
		109F9AC82C0C5DCE00DD0281 /* Resources */ = {
			isa = PBXResourcesBuildPhase;
			buildActionMask = 2147483647;
			files = (
			);
			runOnlyForDeploymentPostprocessing = 0;
		};
		109F9AD22C0C5DCE00DD0281 /* Resources */ = {
			isa = PBXResourcesBuildPhase;
			buildActionMask = 2147483647;
			files = (
			);
			runOnlyForDeploymentPostprocessing = 0;
		};
/* End PBXResourcesBuildPhase section */

/* Begin PBXSourcesBuildPhase section */
		10297DC42C1891540077CB49 /* Sources */ = {
			isa = PBXSourcesBuildPhase;
			buildActionMask = 2147483647;
			files = (
				10297DCD2C1891540077CB49 /* PacketTunnelProvider.swift in Sources */,
			);
			runOnlyForDeploymentPostprocessing = 0;
		};
		109F9AB62C0C5DCD00DD0281 /* Sources */ = {
			isa = PBXSourcesBuildPhase;
			buildActionMask = 2147483647;
			files = (
				103EAFF82C4294E100EBB7E1 /* ScheduleWave.swift in Sources */,
				103EB01A2C448F5800EBB7E1 /* License.swift in Sources */,
				105B60522C1B7AA30038DFB5 /* RealmPreview.swift in Sources */,
				103EB03E2C455D5300EBB7E1 /* Battle.swift in Sources */,
				1070F5FF2C0C6AFD00654AAF /* RealmCoopEnemy.swift in Sources */,
				105B60542C1B7EF70038DFB5 /* WebImage.swift in Sources */,
				103EB0322C452CD500EBB7E1 /* FilterPickView.swift in Sources */,
				103C502A2C0C70D3008085C8 /* PersistableEnum.swift in Sources */,
				10297DBA2C187C4F0077CB49 /* MudmouthView.swift in Sources */,
				105B605E2C1CBC9A0038DFB5 /* ResultView.swift in Sources */,
				1070F5DA2C0C636E00654AAF /* RealmMigration.swift in Sources */,
				103EB01C2C448FB800EBB7E1 /* History.swift in Sources */,
				103EB03C2C45317A00EBB7E1 /* UIViewController.swift in Sources */,
				108F490C2C1DEF1F00A6FD11 /* SignIn.swift in Sources */,
				108F48F82C1CFF4700A6FD11 /* ResultHeaderWeapon.swift in Sources */,
				1070F5FA2C0C6AFD00654AAF /* RealmCoopRecord.swift in Sources */,
				108F49122C1F294700A6FD11 /* CarouselView.swift in Sources */,
				103EB0182C448EE100EBB7E1 /* SPCircle.swift in Sources */,
				105B60592C1C7D030038DFB5 /* RealmCoopSchedule+.swift in Sources */,
				103EB02A2C44BAFD00EBB7E1 /* CoopWorkView.swift in Sources */,
				103EAFF62C4294D900EBB7E1 /* ScheduleWaveView.swift in Sources */,
				103EAFF42C4294B200EBB7E1 /* ScheduleStatus.swift in Sources */,
				103EB0002C4295D500EBB7E1 /* List+Collection.swift in Sources */,
				10297DC12C1889220077CB49 /* FloatingButtonStyle.swift in Sources */,
				103EB0222C44A85400EBB7E1 /* View.swift in Sources */,
				108F48F32C1CEEF100A6FD11 /* Text.swift in Sources */,
				103EB0082C42EDD800EBB7E1 /* RealmCollection+Player.swift in Sources */,
				1070F5FB2C0C6AFD00654AAF /* RealmCoopResult.swift in Sources */,
				103EB00E2C430B3200EBB7E1 /* GroupBox.swift in Sources */,
				103EB0132C448E5C00EBB7E1 /* Review.swift in Sources */,
				103EB0202C44971700EBB7E1 /* SettingsView.swift in Sources */,
				1070F5FE2C0C6AFD00654AAF /* RealmCoopPlayer.swift in Sources */,
				108F48FA2C1D041000A6FD11 /* ResultStatus.swift in Sources */,
				103EB0382C452EC200EBB7E1 /* RealmSigner.swift in Sources */,
				105B604C2C1B79190038DFB5 /* Realm+.swift in Sources */,
				105B604E2C1B79DE0038DFB5 /* ScheduleView.swift in Sources */,
				1070F5ED2C0C680500654AAF /* ResultsView.swift in Sources */,
				1070F5EF2C0C680D00654AAF /* SchedulesView.swift in Sources */,
				103EAFF22C42940900EBB7E1 /* ScheduleHeader.swift in Sources */,
				108F48EF2C1CC75F00A6FD11 /* ResultDetailView.swift in Sources */,
				103EB02C2C44BBF300EBB7E1 /* Stages.swift in Sources */,
				105073FA2C45E30C00CCF4A2 /* DisplayMode.swift in Sources */,
				103EB0262C44AEA100EBB7E1 /* UIDevice.swift in Sources */,
				103EAFFE2C4295A000EBB7E1 /* RealmCollection+Result.swift in Sources */,
				108F48FC2C1D0FD600A6FD11 /* ResultJob.swift in Sources */,
				108F48FE2C1D185200A6FD11 /* ResultWave.swift in Sources */,
				103EB0152C448EB500EBB7E1 /* ButtonStyle.swift in Sources */,
				1070F5E62C0C67D400654AAF /* SplitNavigationViewStyle.swift in Sources */,
				1070F5EB2C0C67FB00654AAF /* MyPageView.swift in Sources */,
				103EAFEF2C4293A300EBB7E1 /* ScheduleDetailView.swift in Sources */,
				107F63F12C1F87B900DF6328 /* FormatStyle.swift in Sources */,
				109F9AC02C0C5DCD00DD0281 /* ContentView.swift in Sources */,
				103EAFFC2C4294FA00EBB7E1 /* SchedulePointCard.swift in Sources */,
				108F490A2C1DEE8B00A6FD11 /* RemoveAll.swift in Sources */,
				103EB02E2C44BC3C00EBB7E1 /* StageView.swift in Sources */,
				108F48F62C1CFE4100A6FD11 /* ResultHeader.swift in Sources */,
				103EB0362C452E6000EBB7E1 /* Restore.swift in Sources */,
				105B605C2C1CA7BB0038DFB5 /* RealmSwift+List.swift in Sources */,
				103EB03A2C452F3800EBB7E1 /* SignedRealmCoopResult.swift in Sources */,
				105B60502C1B7A800038DFB5 /* NavigationLinker.swift in Sources */,
				108F490E2C1E116800A6FD11 /* Encodable.swift in Sources */,
				108F49102C1F15C100A6FD11 /* EnvironmentKey.swift in Sources */,
				103EB00C2C42EEA100EBB7E1 /* Statics.swift in Sources */,
				103EB0342C452E3900EBB7E1 /* Backup.swift in Sources */,
				103EB0402C4560A800EBB7E1 /* WavesView.swift in Sources */,
				103EB0302C452C9900EBB7E1 /* Management.swift in Sources */,
				108F49002C1D871900A6FD11 /* ResultPlayer.swift in Sources */,
				103EB0102C44463E00EBB7E1 /* WeaponListView.swift in Sources */,
				105B60462C19B6090038DFB5 /* ThunderConfig.swift in Sources */,
				103EB00A2C42EE4300EBB7E1 /* RealmCollection.swift in Sources */,
				103EB0282C44BA6700EBB7E1 /* CoopWork.swift in Sources */,
				10297DBF2C187D370077CB49 /* BackgroundWave.swift in Sources */,
				109F9ABE2C0C5DCD00DD0281 /* mainApp.swift in Sources */,
				1070F5FC2C0C6AFD00654AAF /* RealmCoopSchedule.swift in Sources */,
				103EB0242C44A92100EBB7E1 /* UIApplication.swift in Sources */,
				105B604A2C1B565D0038DFB5 /* RealmManager.swift in Sources */,
				103EB01E2C4496AE00EBB7E1 /* Settings.swift in Sources */,
				1070F5FD2C0C6AFD00654AAF /* RealmCoopWave.swift in Sources */,
				103EB0432C4560D400EBB7E1 /* WaveView.swift in Sources */,
				108F48F12C1CC81600A6FD11 /* Ikura.swift in Sources */,
				103EAFFA2C4294F100EBB7E1 /* ScheduleScale.swift in Sources */,
				108F49022C1D8C6A00A6FD11 /* ResultDefeated.swift in Sources */,
				10297DBC2C187C8E0077CB49 /* DescriptionView.swift in Sources */,
			);
			runOnlyForDeploymentPostprocessing = 0;
		};
		109F9AC62C0C5DCE00DD0281 /* Sources */ = {
			isa = PBXSourcesBuildPhase;
			buildActionMask = 2147483647;
			files = (
				109F9ACF2C0C5DCE00DD0281 /* ThunderAppTests.swift in Sources */,
			);
			runOnlyForDeploymentPostprocessing = 0;
		};
		109F9AD02C0C5DCE00DD0281 /* Sources */ = {
			isa = PBXSourcesBuildPhase;
			buildActionMask = 2147483647;
			files = (
				109F9ADB2C0C5DCE00DD0281 /* ThunderAppUITestsLaunchTests.swift in Sources */,
				109F9AD92C0C5DCE00DD0281 /* ThunderAppUITests.swift in Sources */,
			);
			runOnlyForDeploymentPostprocessing = 0;
		};
/* End PBXSourcesBuildPhase section */

/* Begin PBXTargetDependency section */
		10297DD12C1891540077CB49 /* PBXTargetDependency */ = {
			isa = PBXTargetDependency;
			target = 10297DC72C1891540077CB49 /* PacketTunnel */;
			targetProxy = 10297DD02C1891540077CB49 /* PBXContainerItemProxy */;
		};
		109F9ACC2C0C5DCE00DD0281 /* PBXTargetDependency */ = {
			isa = PBXTargetDependency;
			target = 109F9AB92C0C5DCD00DD0281 /* ThunderApp */;
			targetProxy = 109F9ACB2C0C5DCE00DD0281 /* PBXContainerItemProxy */;
		};
		109F9AD62C0C5DCE00DD0281 /* PBXTargetDependency */ = {
			isa = PBXTargetDependency;
			target = 109F9AB92C0C5DCD00DD0281 /* ThunderApp */;
			targetProxy = 109F9AD52C0C5DCE00DD0281 /* PBXContainerItemProxy */;
		};
/* End PBXTargetDependency section */

/* Begin XCBuildConfiguration section */
		10297DD42C1891540077CB49 /* Debug */ = {
			isa = XCBuildConfiguration;
			buildSettings = {
				CODE_SIGN_ENTITLEMENTS = PacketTunnel/PacketTunnel.entitlements;
				CODE_SIGN_STYLE = Automatic;
				CURRENT_PROJECT_VERSION = 10;
				DEVELOPMENT_TEAM = D9HU6JZF2Q;
				GENERATE_INFOPLIST_FILE = YES;
				INFOPLIST_FILE = PacketTunnel/Info.plist;
				INFOPLIST_KEY_CFBundleDisplayName = PacketTunnel;
				INFOPLIST_KEY_NSHumanReadableCopyright = "Copyright © 2024 Magi. All rights reserved.";
				IPHONEOS_DEPLOYMENT_TARGET = 16.0;
				LD_RUNPATH_SEARCH_PATHS = (
					"$(inherited)",
					"@executable_path/Frameworks",
					"@executable_path/../../Frameworks",
				);
				MARKETING_VERSION = 1.0;
				PRODUCT_BUNDLE_IDENTIFIER = work.tkgstrator.thunder.packetTunnel;
				PRODUCT_NAME = "$(TARGET_NAME)";
				SKIP_INSTALL = YES;
				SWIFT_EMIT_LOC_STRINGS = YES;
				SWIFT_VERSION = 5.0;
				TARGETED_DEVICE_FAMILY = "1,2";
			};
			name = Debug;
		};
		10297DD52C1891540077CB49 /* Release */ = {
			isa = XCBuildConfiguration;
			buildSettings = {
				CODE_SIGN_ENTITLEMENTS = PacketTunnel/PacketTunnel.entitlements;
				CODE_SIGN_STYLE = Automatic;
				CURRENT_PROJECT_VERSION = 10;
				DEVELOPMENT_TEAM = D9HU6JZF2Q;
				GENERATE_INFOPLIST_FILE = YES;
				INFOPLIST_FILE = PacketTunnel/Info.plist;
				INFOPLIST_KEY_CFBundleDisplayName = PacketTunnel;
				INFOPLIST_KEY_NSHumanReadableCopyright = "Copyright © 2024 Magi. All rights reserved.";
				IPHONEOS_DEPLOYMENT_TARGET = 16.0;
				LD_RUNPATH_SEARCH_PATHS = (
					"$(inherited)",
					"@executable_path/Frameworks",
					"@executable_path/../../Frameworks",
				);
				MARKETING_VERSION = 1.0;
				PRODUCT_BUNDLE_IDENTIFIER = work.tkgstrator.thunder.packetTunnel;
				PRODUCT_NAME = "$(TARGET_NAME)";
				SKIP_INSTALL = YES;
				SWIFT_EMIT_LOC_STRINGS = YES;
				SWIFT_VERSION = 5.0;
				TARGETED_DEVICE_FAMILY = "1,2";
			};
			name = Release;
		};
		109F9ADC2C0C5DCE00DD0281 /* Debug */ = {
			isa = XCBuildConfiguration;
			buildSettings = {
				ALWAYS_SEARCH_USER_PATHS = NO;
				ASSETCATALOG_COMPILER_GENERATE_SWIFT_ASSET_SYMBOL_EXTENSIONS = YES;
				CLANG_ANALYZER_NONNULL = YES;
				CLANG_ANALYZER_NUMBER_OBJECT_CONVERSION = YES_AGGRESSIVE;
				CLANG_CXX_LANGUAGE_STANDARD = "gnu++20";
				CLANG_ENABLE_MODULES = YES;
				CLANG_ENABLE_OBJC_ARC = YES;
				CLANG_ENABLE_OBJC_WEAK = YES;
				CLANG_WARN_BLOCK_CAPTURE_AUTORELEASING = YES;
				CLANG_WARN_BOOL_CONVERSION = YES;
				CLANG_WARN_COMMA = YES;
				CLANG_WARN_CONSTANT_CONVERSION = YES;
				CLANG_WARN_DEPRECATED_OBJC_IMPLEMENTATIONS = YES;
				CLANG_WARN_DIRECT_OBJC_ISA_USAGE = YES_ERROR;
				CLANG_WARN_DOCUMENTATION_COMMENTS = YES;
				CLANG_WARN_EMPTY_BODY = YES;
				CLANG_WARN_ENUM_CONVERSION = YES;
				CLANG_WARN_INFINITE_RECURSION = YES;
				CLANG_WARN_INT_CONVERSION = YES;
				CLANG_WARN_NON_LITERAL_NULL_CONVERSION = YES;
				CLANG_WARN_OBJC_IMPLICIT_RETAIN_SELF = YES;
				CLANG_WARN_OBJC_LITERAL_CONVERSION = YES;
				CLANG_WARN_OBJC_ROOT_CLASS = YES_ERROR;
				CLANG_WARN_QUOTED_INCLUDE_IN_FRAMEWORK_HEADER = YES;
				CLANG_WARN_RANGE_LOOP_ANALYSIS = YES;
				CLANG_WARN_STRICT_PROTOTYPES = YES;
				CLANG_WARN_SUSPICIOUS_MOVE = YES;
				CLANG_WARN_UNGUARDED_AVAILABILITY = YES_AGGRESSIVE;
				CLANG_WARN_UNREACHABLE_CODE = YES;
				CLANG_WARN__DUPLICATE_METHOD_MATCH = YES;
				COPY_PHASE_STRIP = NO;
				DEBUG_INFORMATION_FORMAT = dwarf;
				ENABLE_STRICT_OBJC_MSGSEND = YES;
				ENABLE_TESTABILITY = YES;
				ENABLE_USER_SCRIPT_SANDBOXING = YES;
				GCC_C_LANGUAGE_STANDARD = gnu17;
				GCC_DYNAMIC_NO_PIC = NO;
				GCC_NO_COMMON_BLOCKS = YES;
				GCC_OPTIMIZATION_LEVEL = 0;
				GCC_PREPROCESSOR_DEFINITIONS = (
					"DEBUG=1",
					"$(inherited)",
				);
				GCC_WARN_64_TO_32_BIT_CONVERSION = YES;
				GCC_WARN_ABOUT_RETURN_TYPE = YES_ERROR;
				GCC_WARN_UNDECLARED_SELECTOR = YES;
				GCC_WARN_UNINITIALIZED_AUTOS = YES_AGGRESSIVE;
				GCC_WARN_UNUSED_FUNCTION = YES;
				GCC_WARN_UNUSED_VARIABLE = YES;
				IPHONEOS_DEPLOYMENT_TARGET = 16.0;
				LOCALIZATION_PREFERS_STRING_CATALOGS = YES;
				MTL_ENABLE_DEBUG_INFO = INCLUDE_SOURCE;
				MTL_FAST_MATH = YES;
				ONLY_ACTIVE_ARCH = YES;
				SDKROOT = iphoneos;
				SWIFT_ACTIVE_COMPILATION_CONDITIONS = "DEBUG $(inherited)";
				SWIFT_OPTIMIZATION_LEVEL = "-Onone";
			};
			name = Debug;
		};
		109F9ADD2C0C5DCE00DD0281 /* Release */ = {
			isa = XCBuildConfiguration;
			buildSettings = {
				ALWAYS_SEARCH_USER_PATHS = NO;
				ASSETCATALOG_COMPILER_GENERATE_SWIFT_ASSET_SYMBOL_EXTENSIONS = YES;
				CLANG_ANALYZER_NONNULL = YES;
				CLANG_ANALYZER_NUMBER_OBJECT_CONVERSION = YES_AGGRESSIVE;
				CLANG_CXX_LANGUAGE_STANDARD = "gnu++20";
				CLANG_ENABLE_MODULES = YES;
				CLANG_ENABLE_OBJC_ARC = YES;
				CLANG_ENABLE_OBJC_WEAK = YES;
				CLANG_WARN_BLOCK_CAPTURE_AUTORELEASING = YES;
				CLANG_WARN_BOOL_CONVERSION = YES;
				CLANG_WARN_COMMA = YES;
				CLANG_WARN_CONSTANT_CONVERSION = YES;
				CLANG_WARN_DEPRECATED_OBJC_IMPLEMENTATIONS = YES;
				CLANG_WARN_DIRECT_OBJC_ISA_USAGE = YES_ERROR;
				CLANG_WARN_DOCUMENTATION_COMMENTS = YES;
				CLANG_WARN_EMPTY_BODY = YES;
				CLANG_WARN_ENUM_CONVERSION = YES;
				CLANG_WARN_INFINITE_RECURSION = YES;
				CLANG_WARN_INT_CONVERSION = YES;
				CLANG_WARN_NON_LITERAL_NULL_CONVERSION = YES;
				CLANG_WARN_OBJC_IMPLICIT_RETAIN_SELF = YES;
				CLANG_WARN_OBJC_LITERAL_CONVERSION = YES;
				CLANG_WARN_OBJC_ROOT_CLASS = YES_ERROR;
				CLANG_WARN_QUOTED_INCLUDE_IN_FRAMEWORK_HEADER = YES;
				CLANG_WARN_RANGE_LOOP_ANALYSIS = YES;
				CLANG_WARN_STRICT_PROTOTYPES = YES;
				CLANG_WARN_SUSPICIOUS_MOVE = YES;
				CLANG_WARN_UNGUARDED_AVAILABILITY = YES_AGGRESSIVE;
				CLANG_WARN_UNREACHABLE_CODE = YES;
				CLANG_WARN__DUPLICATE_METHOD_MATCH = YES;
				COPY_PHASE_STRIP = NO;
				DEBUG_INFORMATION_FORMAT = "dwarf-with-dsym";
				ENABLE_NS_ASSERTIONS = NO;
				ENABLE_STRICT_OBJC_MSGSEND = YES;
				ENABLE_USER_SCRIPT_SANDBOXING = YES;
				GCC_C_LANGUAGE_STANDARD = gnu17;
				GCC_NO_COMMON_BLOCKS = YES;
				GCC_WARN_64_TO_32_BIT_CONVERSION = YES;
				GCC_WARN_ABOUT_RETURN_TYPE = YES_ERROR;
				GCC_WARN_UNDECLARED_SELECTOR = YES;
				GCC_WARN_UNINITIALIZED_AUTOS = YES_AGGRESSIVE;
				GCC_WARN_UNUSED_FUNCTION = YES;
				GCC_WARN_UNUSED_VARIABLE = YES;
				IPHONEOS_DEPLOYMENT_TARGET = 16.0;
				LOCALIZATION_PREFERS_STRING_CATALOGS = YES;
				MTL_ENABLE_DEBUG_INFO = NO;
				MTL_FAST_MATH = YES;
				SDKROOT = iphoneos;
				SWIFT_COMPILATION_MODE = wholemodule;
				VALIDATE_PRODUCT = YES;
			};
			name = Release;
		};
		109F9ADF2C0C5DCE00DD0281 /* Debug */ = {
			isa = XCBuildConfiguration;
			buildSettings = {
				ALWAYS_EMBED_SWIFT_STANDARD_LIBRARIES = YES;
				ASSETCATALOG_COMPILER_APPICON_NAME = AppIcon;
				ASSETCATALOG_COMPILER_GLOBAL_ACCENT_COLOR_NAME = AccentColor;
				CODE_SIGN_ENTITLEMENTS = ThunderApp/ThunderApp.entitlements;
				CODE_SIGN_STYLE = Automatic;
				CURRENT_PROJECT_VERSION = 10;
				DEVELOPMENT_ASSET_PATHS = "\"ThunderApp/Preview Content\"";
				DEVELOPMENT_TEAM = D9HU6JZF2Q;
				ENABLE_PREVIEWS = YES;
				GENERATE_INFOPLIST_FILE = YES;
				INFOPLIST_FILE = AppInfo.plist;
				INFOPLIST_KEY_CFBundleDisplayName = "Salmonia3+";
				INFOPLIST_KEY_LSApplicationCategoryType = "public.app-category.developer-tools";
				INFOPLIST_KEY_LSSupportsOpeningDocumentsInPlace = YES;
				INFOPLIST_KEY_UIApplicationSceneManifest_Generation = YES;
				INFOPLIST_KEY_UIRequiresFullScreen = NO;
				INFOPLIST_KEY_UIStatusBarHidden = NO;
				INFOPLIST_KEY_UISupportedInterfaceOrientations = UIInterfaceOrientationPortrait;
				INFOPLIST_KEY_UISupportedInterfaceOrientations_iPad = "UIInterfaceOrientationLandscapeLeft UIInterfaceOrientationLandscapeRight UIInterfaceOrientationPortrait UIInterfaceOrientationPortraitUpsideDown";
				IPHONEOS_DEPLOYMENT_TARGET = 16.0;
				LD_RUNPATH_SEARCH_PATHS = (
					"$(inherited)",
					"@executable_path/Frameworks",
				);
				MARKETING_VERSION = 3.1.0;
				PRODUCT_BUNDLE_IDENTIFIER = work.tkgstrator.thunder;
				PRODUCT_NAME = "$(TARGET_NAME)";
				SUPPORTED_PLATFORMS = "iphoneos iphonesimulator";
				SUPPORTS_MACCATALYST = NO;
				SUPPORTS_MAC_DESIGNED_FOR_IPHONE_IPAD = YES;
				SUPPORTS_XR_DESIGNED_FOR_IPHONE_IPAD = YES;
				SWIFT_EMIT_LOC_STRINGS = YES;
				SWIFT_VERSION = 5.0;
				TARGETED_DEVICE_FAMILY = "1,2";
			};
			name = Debug;
		};
		109F9AE02C0C5DCE00DD0281 /* Release */ = {
			isa = XCBuildConfiguration;
			buildSettings = {
				ALWAYS_EMBED_SWIFT_STANDARD_LIBRARIES = YES;
				ASSETCATALOG_COMPILER_APPICON_NAME = AppIcon;
				ASSETCATALOG_COMPILER_GLOBAL_ACCENT_COLOR_NAME = AccentColor;
				CODE_SIGN_ENTITLEMENTS = ThunderApp/ThunderApp.entitlements;
				CODE_SIGN_STYLE = Automatic;
				CURRENT_PROJECT_VERSION = 10;
				DEVELOPMENT_ASSET_PATHS = "\"ThunderApp/Preview Content\"";
				DEVELOPMENT_TEAM = D9HU6JZF2Q;
				ENABLE_PREVIEWS = YES;
				GENERATE_INFOPLIST_FILE = YES;
				INFOPLIST_FILE = AppInfo.plist;
				INFOPLIST_KEY_CFBundleDisplayName = "Salmonia3+";
				INFOPLIST_KEY_LSApplicationCategoryType = "public.app-category.developer-tools";
				INFOPLIST_KEY_LSSupportsOpeningDocumentsInPlace = YES;
				INFOPLIST_KEY_UIApplicationSceneManifest_Generation = YES;
				INFOPLIST_KEY_UIRequiresFullScreen = NO;
				INFOPLIST_KEY_UIStatusBarHidden = NO;
				INFOPLIST_KEY_UISupportedInterfaceOrientations = UIInterfaceOrientationPortrait;
				INFOPLIST_KEY_UISupportedInterfaceOrientations_iPad = "UIInterfaceOrientationLandscapeLeft UIInterfaceOrientationLandscapeRight UIInterfaceOrientationPortrait UIInterfaceOrientationPortraitUpsideDown";
				IPHONEOS_DEPLOYMENT_TARGET = 16.0;
				LD_RUNPATH_SEARCH_PATHS = (
					"$(inherited)",
					"@executable_path/Frameworks",
				);
				MARKETING_VERSION = 3.1.0;
				PRODUCT_BUNDLE_IDENTIFIER = work.tkgstrator.thunder;
				PRODUCT_NAME = "$(TARGET_NAME)";
				SUPPORTED_PLATFORMS = "iphoneos iphonesimulator";
				SUPPORTS_MACCATALYST = NO;
				SUPPORTS_MAC_DESIGNED_FOR_IPHONE_IPAD = YES;
				SUPPORTS_XR_DESIGNED_FOR_IPHONE_IPAD = YES;
				SWIFT_EMIT_LOC_STRINGS = YES;
				SWIFT_VERSION = 5.0;
				TARGETED_DEVICE_FAMILY = "1,2";
			};
			name = Release;
		};
		109F9AE22C0C5DCE00DD0281 /* Debug */ = {
			isa = XCBuildConfiguration;
			buildSettings = {
				ALWAYS_EMBED_SWIFT_STANDARD_LIBRARIES = YES;
				BUNDLE_LOADER = "$(TEST_HOST)";
				CODE_SIGN_STYLE = Automatic;
				CURRENT_PROJECT_VERSION = 10;
				DEVELOPMENT_TEAM = D9HU6JZF2Q;
				GENERATE_INFOPLIST_FILE = YES;
				IPHONEOS_DEPLOYMENT_TARGET = 17.4;
				MARKETING_VERSION = 1.0;
				PRODUCT_BUNDLE_IDENTIFIER = work.tkgstrator.appTests;
				PRODUCT_NAME = "$(TARGET_NAME)";
				SWIFT_EMIT_LOC_STRINGS = NO;
				SWIFT_VERSION = 5.0;
				TARGETED_DEVICE_FAMILY = "1,2";
				TEST_HOST = "$(BUILT_PRODUCTS_DIR)/app.app/$(BUNDLE_EXECUTABLE_FOLDER_PATH)/app";
			};
			name = Debug;
		};
		109F9AE32C0C5DCE00DD0281 /* Release */ = {
			isa = XCBuildConfiguration;
			buildSettings = {
				ALWAYS_EMBED_SWIFT_STANDARD_LIBRARIES = YES;
				BUNDLE_LOADER = "$(TEST_HOST)";
				CODE_SIGN_STYLE = Automatic;
				CURRENT_PROJECT_VERSION = 10;
				DEVELOPMENT_TEAM = D9HU6JZF2Q;
				GENERATE_INFOPLIST_FILE = YES;
				IPHONEOS_DEPLOYMENT_TARGET = 17.4;
				MARKETING_VERSION = 1.0;
				PRODUCT_BUNDLE_IDENTIFIER = work.tkgstrator.appTests;
				PRODUCT_NAME = "$(TARGET_NAME)";
				SWIFT_EMIT_LOC_STRINGS = NO;
				SWIFT_VERSION = 5.0;
				TARGETED_DEVICE_FAMILY = "1,2";
				TEST_HOST = "$(BUILT_PRODUCTS_DIR)/app.app/$(BUNDLE_EXECUTABLE_FOLDER_PATH)/app";
			};
			name = Release;
		};
		109F9AE52C0C5DCE00DD0281 /* Debug */ = {
			isa = XCBuildConfiguration;
			buildSettings = {
				ALWAYS_EMBED_SWIFT_STANDARD_LIBRARIES = YES;
				CODE_SIGN_STYLE = Automatic;
				CURRENT_PROJECT_VERSION = 10;
				DEVELOPMENT_TEAM = D9HU6JZF2Q;
				GENERATE_INFOPLIST_FILE = YES;
				MARKETING_VERSION = 1.0;
				PRODUCT_BUNDLE_IDENTIFIER = work.tkgstrator.appUITests;
				PRODUCT_NAME = "$(TARGET_NAME)";
				SWIFT_EMIT_LOC_STRINGS = NO;
				SWIFT_VERSION = 5.0;
				TARGETED_DEVICE_FAMILY = "1,2";
				TEST_TARGET_NAME = ThunderApp;
			};
			name = Debug;
		};
		109F9AE62C0C5DCE00DD0281 /* Release */ = {
			isa = XCBuildConfiguration;
			buildSettings = {
				ALWAYS_EMBED_SWIFT_STANDARD_LIBRARIES = YES;
				CODE_SIGN_STYLE = Automatic;
				CURRENT_PROJECT_VERSION = 10;
				DEVELOPMENT_TEAM = D9HU6JZF2Q;
				GENERATE_INFOPLIST_FILE = YES;
				MARKETING_VERSION = 1.0;
				PRODUCT_BUNDLE_IDENTIFIER = work.tkgstrator.appUITests;
				PRODUCT_NAME = "$(TARGET_NAME)";
				SWIFT_EMIT_LOC_STRINGS = NO;
				SWIFT_VERSION = 5.0;
				TARGETED_DEVICE_FAMILY = "1,2";
				TEST_TARGET_NAME = ThunderApp;
			};
			name = Release;
		};
/* End XCBuildConfiguration section */

/* Begin XCConfigurationList section */
		10297DD32C1891540077CB49 /* Build configuration list for PBXNativeTarget "PacketTunnel" */ = {
			isa = XCConfigurationList;
			buildConfigurations = (
				10297DD42C1891540077CB49 /* Debug */,
				10297DD52C1891540077CB49 /* Release */,
			);
			defaultConfigurationIsVisible = 0;
			defaultConfigurationName = Release;
		};
		109F9AB52C0C5DCD00DD0281 /* Build configuration list for PBXProject "ThunderApp" */ = {
			isa = XCConfigurationList;
			buildConfigurations = (
				109F9ADC2C0C5DCE00DD0281 /* Debug */,
				109F9ADD2C0C5DCE00DD0281 /* Release */,
			);
			defaultConfigurationIsVisible = 0;
			defaultConfigurationName = Release;
		};
		109F9ADE2C0C5DCE00DD0281 /* Build configuration list for PBXNativeTarget "ThunderApp" */ = {
			isa = XCConfigurationList;
			buildConfigurations = (
				109F9ADF2C0C5DCE00DD0281 /* Debug */,
				109F9AE02C0C5DCE00DD0281 /* Release */,
			);
			defaultConfigurationIsVisible = 0;
			defaultConfigurationName = Release;
		};
		109F9AE12C0C5DCE00DD0281 /* Build configuration list for PBXNativeTarget "ThunderAppTests" */ = {
			isa = XCConfigurationList;
			buildConfigurations = (
				109F9AE22C0C5DCE00DD0281 /* Debug */,
				109F9AE32C0C5DCE00DD0281 /* Release */,
			);
			defaultConfigurationIsVisible = 0;
			defaultConfigurationName = Release;
		};
		109F9AE42C0C5DCE00DD0281 /* Build configuration list for PBXNativeTarget "ThunderAppUITests" */ = {
			isa = XCConfigurationList;
			buildConfigurations = (
				109F9AE52C0C5DCE00DD0281 /* Debug */,
				109F9AE62C0C5DCE00DD0281 /* Release */,
			);
			defaultConfigurationIsVisible = 0;
			defaultConfigurationName = Release;
		};
/* End XCConfigurationList section */

/* Begin XCRemoteSwiftPackageReference section */
		103EB0012C42AF9300EBB7E1 /* XCRemoteSwiftPackageReference "SDWebImageSVGCoder" */ = {
			isa = XCRemoteSwiftPackageReference;
			repositoryURL = "https://github.com/SDWebImage/SDWebImageSVGCoder.git";
			requirement = {
				kind = upToNextMajorVersion;
				minimumVersion = 1.7.0;
			};
		};
		103EB0042C42AFF700EBB7E1 /* XCRemoteSwiftPackageReference "SDWebImage" */ = {
			isa = XCRemoteSwiftPackageReference;
			repositoryURL = "https://github.com/SDWebImage/SDWebImage.git";
			requirement = {
				kind = upToNextMajorVersion;
				minimumVersion = 5.19.4;
			};
		};
		105B60552C1B7F0F0038DFB5 /* XCRemoteSwiftPackageReference "SDWebImageSwiftUI" */ = {
			isa = XCRemoteSwiftPackageReference;
			repositoryURL = "https://github.com/SDWebImage/SDWebImageSwiftUI.git";
			requirement = {
				kind = upToNextMajorVersion;
				minimumVersion = 3.0.4;
			};
		};
		108819EA2C12C9F40064676C /* XCRemoteSwiftPackageReference "realm-swift" */ = {
			isa = XCRemoteSwiftPackageReference;
			repositoryURL = "https://github.com/realm/realm-swift";
			requirement = {
				kind = exactVersion;
				version = 20.0.0;
			};
		};
		108819ED2C12CA000064676C /* XCRemoteSwiftPackageReference "ZIPFoundation" */ = {
			isa = XCRemoteSwiftPackageReference;
			repositoryURL = "https://github.com/weichsel/ZIPFoundation";
			requirement = {
				kind = upToNextMajorVersion;
				minimumVersion = 0.9.19;
			};
		};
		108819F02C12CA0C0064676C /* XCRemoteSwiftPackageReference "LicenseList" */ = {
			isa = XCRemoteSwiftPackageReference;
			repositoryURL = "https://github.com/cybozu/LicenseList.git";
			requirement = {
				kind = upToNextMajorVersion;
				minimumVersion = 0.7.0;
			};
		};
		10A1949C2C16EBF400025EE6 /* XCRemoteSwiftPackageReference "SwiftyLogger" */ = {
			isa = XCRemoteSwiftPackageReference;
			repositoryURL = "https://github.com/tkgstrator/SwiftyLogger";
			requirement = {
				kind = upToNextMajorVersion;
				minimumVersion = 0.0.5;
			};
		};
/* End XCRemoteSwiftPackageReference section */

/* Begin XCSwiftPackageProductDependency section */
		103EB0022C42AF9300EBB7E1 /* SDWebImageSVGCoder */ = {
			isa = XCSwiftPackageProductDependency;
			package = 103EB0012C42AF9300EBB7E1 /* XCRemoteSwiftPackageReference "SDWebImageSVGCoder" */;
			productName = SDWebImageSVGCoder;
		};
		103EB0052C42AFF700EBB7E1 /* SDWebImage */ = {
			isa = XCSwiftPackageProductDependency;
			package = 103EB0042C42AFF700EBB7E1 /* XCRemoteSwiftPackageReference "SDWebImage" */;
			productName = SDWebImage;
		};
		10491B4D2C18F6E30077BDFA /* Mudmouth */ = {
			isa = XCSwiftPackageProductDependency;
			productName = Mudmouth;
		};
		10491B512C18F6F40077BDFA /* Raccoon */ = {
			isa = XCSwiftPackageProductDependency;
			productName = Raccoon;
		};
		105B60472C1AAE340038DFB5 /* Firebolt */ = {
			isa = XCSwiftPackageProductDependency;
			productName = Firebolt;
		};
		105B60562C1B7F0F0038DFB5 /* SDWebImageSwiftUI */ = {
			isa = XCSwiftPackageProductDependency;
			package = 105B60552C1B7F0F0038DFB5 /* XCRemoteSwiftPackageReference "SDWebImageSwiftUI" */;
			productName = SDWebImageSwiftUI;
		};
		108819EB2C12C9F40064676C /* RealmSwift */ = {
			isa = XCSwiftPackageProductDependency;
			package = 108819EA2C12C9F40064676C /* XCRemoteSwiftPackageReference "realm-swift" */;
			productName = RealmSwift;
		};
		108819EE2C12CA000064676C /* ZIPFoundation */ = {
			isa = XCSwiftPackageProductDependency;
			package = 108819ED2C12CA000064676C /* XCRemoteSwiftPackageReference "ZIPFoundation" */;
			productName = ZIPFoundation;
		};
		108819F12C12CA0C0064676C /* LicenseList */ = {
			isa = XCSwiftPackageProductDependency;
			package = 108819F02C12CA0C0064676C /* XCRemoteSwiftPackageReference "LicenseList" */;
			productName = LicenseList;
		};
		10A1949D2C16EBF400025EE6 /* SwiftyLogger */ = {
			isa = XCSwiftPackageProductDependency;
			package = 10A1949C2C16EBF400025EE6 /* XCRemoteSwiftPackageReference "SwiftyLogger" */;
			productName = SwiftyLogger;
		};
/* End XCSwiftPackageProductDependency section */
	};
	rootObject = 109F9AB22C0C5DCD00DD0281 /* Project object */;
}
